// !$*UTF8*$!
{
	archiveVersion = 1;
	classes = {
	};
	objectVersion = 46;
	objects = {

/* Begin PBXBuildFile section */
		00C302E51ABCBA2D00DB3ED1 /* libRCTActionSheet.a in Frameworks */ = {isa = PBXBuildFile; fileRef = 00C302AC1ABCB8CE00DB3ED1 /* libRCTActionSheet.a */; };
		00C302E71ABCBA2D00DB3ED1 /* libRCTGeolocation.a in Frameworks */ = {isa = PBXBuildFile; fileRef = 00C302BA1ABCB90400DB3ED1 /* libRCTGeolocation.a */; };
		00C302E81ABCBA2D00DB3ED1 /* libRCTImage.a in Frameworks */ = {isa = PBXBuildFile; fileRef = 00C302C01ABCB91800DB3ED1 /* libRCTImage.a */; };
		00C302E91ABCBA2D00DB3ED1 /* libRCTNetwork.a in Frameworks */ = {isa = PBXBuildFile; fileRef = 00C302DC1ABCB9D200DB3ED1 /* libRCTNetwork.a */; };
		00C302EA1ABCBA2D00DB3ED1 /* libRCTVibration.a in Frameworks */ = {isa = PBXBuildFile; fileRef = 00C302E41ABCB9EE00DB3ED1 /* libRCTVibration.a */; };
		00E356F31AD99517003FC87E /* mobileTests.m in Sources */ = {isa = PBXBuildFile; fileRef = 00E356F21AD99517003FC87E /* mobileTests.m */; };
		0E58927C1E172BB4009632F8 /* Charts.framework in Frameworks */ = {isa = PBXBuildFile; fileRef = 0E58927B1E172BB4009632F8 /* Charts.framework */; };
		0E58927E1E172BBA009632F8 /* SwiftyJSON.framework in Frameworks */ = {isa = PBXBuildFile; fileRef = 0E58927D1E172BBA009632F8 /* SwiftyJSON.framework */; };
		133E29F31AD74F7200F7D852 /* libRCTLinking.a in Frameworks */ = {isa = PBXBuildFile; fileRef = 78C398B91ACF4ADC00677621 /* libRCTLinking.a */; };
		139105C61AF99C1200B5F7CC /* libRCTSettings.a in Frameworks */ = {isa = PBXBuildFile; fileRef = 139105C11AF99BAD00B5F7CC /* libRCTSettings.a */; };
		139FDEF61B0652A700C62182 /* libRCTWebSocket.a in Frameworks */ = {isa = PBXBuildFile; fileRef = 139FDEF41B06529B00C62182 /* libRCTWebSocket.a */; };
		13B07FBC1A68108700A75B9A /* AppDelegate.m in Sources */ = {isa = PBXBuildFile; fileRef = 13B07FB01A68108700A75B9A /* AppDelegate.m */; };
		13B07FBD1A68108700A75B9A /* LaunchScreen.xib in Resources */ = {isa = PBXBuildFile; fileRef = 13B07FB11A68108700A75B9A /* LaunchScreen.xib */; };
		13B07FBF1A68108700A75B9A /* Images.xcassets in Resources */ = {isa = PBXBuildFile; fileRef = 13B07FB51A68108700A75B9A /* Images.xcassets */; };
		13B07FC11A68108700A75B9A /* main.m in Sources */ = {isa = PBXBuildFile; fileRef = 13B07FB71A68108700A75B9A /* main.m */; };
		140ED2AC1D01E1AD002B40FF /* libReact.a in Frameworks */ = {isa = PBXBuildFile; fileRef = 146834041AC3E56700842450 /* libReact.a */; };
		146834051AC3E58100842450 /* libReact.a in Frameworks */ = {isa = PBXBuildFile; fileRef = 146834041AC3E56700842450 /* libReact.a */; };
		161CE4841DBFE1680000E368 /* Fabric.framework in Frameworks */ = {isa = PBXBuildFile; fileRef = 161CE4821DBFE1680000E368 /* Fabric.framework */; };
		161CE4851DBFE1680000E368 /* Crashlytics.framework in Frameworks */ = {isa = PBXBuildFile; fileRef = 161CE4831DBFE1680000E368 /* Crashlytics.framework */; };
		168713321DA44A0100ED3370 /* ABNumberFormatter.swift in Sources */ = {isa = PBXBuildFile; fileRef = 168713081DA44A0100ED3370 /* ABNumberFormatter.swift */; };
		168713331DA44A0100ED3370 /* BarLineChartViewBaseExtension.swift in Sources */ = {isa = PBXBuildFile; fileRef = 168713091DA44A0100ED3370 /* BarLineChartViewBaseExtension.swift */; };
		168713341DA44A0100ED3370 /* chartDataHelpers.swift in Sources */ = {isa = PBXBuildFile; fileRef = 1687130A1DA44A0100ED3370 /* chartDataHelpers.swift */; };
		168713351DA44A0100ED3370 /* ChartViewBaseExtension.swift in Sources */ = {isa = PBXBuildFile; fileRef = 1687130B1DA44A0100ED3370 /* ChartViewBaseExtension.swift */; };
		168713361DA44A0100ED3370 /* PieRadarChartViewBaseExtension.swift in Sources */ = {isa = PBXBuildFile; fileRef = 1687130C1DA44A0100ED3370 /* PieRadarChartViewBaseExtension.swift */; };
		168713371DA44A0100ED3370 /* RNBarChart.m in Sources */ = {isa = PBXBuildFile; fileRef = 1687130F1DA44A0100ED3370 /* RNBarChart.m */; };
		168713381DA44A0100ED3370 /* RNBarChart.swift in Sources */ = {isa = PBXBuildFile; fileRef = 168713101DA44A0100ED3370 /* RNBarChart.swift */; };
		168713391DA44A0100ED3370 /* RNBarChartManager.swift in Sources */ = {isa = PBXBuildFile; fileRef = 168713111DA44A0100ED3370 /* RNBarChartManager.swift */; };
		1687133A1DA44A0100ED3370 /* RNBubbleChart.m in Sources */ = {isa = PBXBuildFile; fileRef = 168713131DA44A0100ED3370 /* RNBubbleChart.m */; };
		1687133B1DA44A0100ED3370 /* RNBubbleChart.swift in Sources */ = {isa = PBXBuildFile; fileRef = 168713141DA44A0100ED3370 /* RNBubbleChart.swift */; };
		1687133C1DA44A0100ED3370 /* RNBubbleChartManager.swift in Sources */ = {isa = PBXBuildFile; fileRef = 168713151DA44A0100ED3370 /* RNBubbleChartManager.swift */; };
		1687133D1DA44A0100ED3370 /* RNCandleChartManager.swift in Sources */ = {isa = PBXBuildFile; fileRef = 168713161DA44A0100ED3370 /* RNCandleChartManager.swift */; };
		1687133E1DA44A0100ED3370 /* RNCandleStickChart.m in Sources */ = {isa = PBXBuildFile; fileRef = 168713181DA44A0100ED3370 /* RNCandleStickChart.m */; };
		1687133F1DA44A0100ED3370 /* RNCandleStickChart.swift in Sources */ = {isa = PBXBuildFile; fileRef = 168713191DA44A0100ED3370 /* RNCandleStickChart.swift */; };
		168713401DA44A0100ED3370 /* RNCombinedChart.m in Sources */ = {isa = PBXBuildFile; fileRef = 1687131B1DA44A0100ED3370 /* RNCombinedChart.m */; };
		168713411DA44A0100ED3370 /* RNCombinedChart.swift in Sources */ = {isa = PBXBuildFile; fileRef = 1687131C1DA44A0100ED3370 /* RNCombinedChart.swift */; };
		168713421DA44A0100ED3370 /* RNCombinedChartManager.swift in Sources */ = {isa = PBXBuildFile; fileRef = 1687131D1DA44A0100ED3370 /* RNCombinedChartManager.swift */; };
		168713431DA44A0100ED3370 /* RNHorizontalBarChart.m in Sources */ = {isa = PBXBuildFile; fileRef = 1687131F1DA44A0100ED3370 /* RNHorizontalBarChart.m */; };
		168713441DA44A0100ED3370 /* RNHorizontalBarChart.swift in Sources */ = {isa = PBXBuildFile; fileRef = 168713201DA44A0100ED3370 /* RNHorizontalBarChart.swift */; };
		168713451DA44A0100ED3370 /* RNHorizontalBarChartManager.swift in Sources */ = {isa = PBXBuildFile; fileRef = 168713211DA44A0100ED3370 /* RNHorizontalBarChartManager.swift */; };
		168713461DA44A0100ED3370 /* RNLineChart.m in Sources */ = {isa = PBXBuildFile; fileRef = 168713231DA44A0100ED3370 /* RNLineChart.m */; };
		168713471DA44A0100ED3370 /* RNLineChart.swift in Sources */ = {isa = PBXBuildFile; fileRef = 168713241DA44A0100ED3370 /* RNLineChart.swift */; };
		168713481DA44A0100ED3370 /* RNLineChartManager.swift in Sources */ = {isa = PBXBuildFile; fileRef = 168713251DA44A0100ED3370 /* RNLineChartManager.swift */; };
		168713491DA44A0100ED3370 /* RNPieChart.m in Sources */ = {isa = PBXBuildFile; fileRef = 168713271DA44A0100ED3370 /* RNPieChart.m */; };
		1687134A1DA44A0100ED3370 /* RNPieChart.swift in Sources */ = {isa = PBXBuildFile; fileRef = 168713281DA44A0100ED3370 /* RNPieChart.swift */; };
		1687134B1DA44A0100ED3370 /* RNPieChartManager.swift in Sources */ = {isa = PBXBuildFile; fileRef = 168713291DA44A0100ED3370 /* RNPieChartManager.swift */; };
		1687134C1DA44A0100ED3370 /* RNRadarChart.m in Sources */ = {isa = PBXBuildFile; fileRef = 1687132B1DA44A0100ED3370 /* RNRadarChart.m */; };
		1687134D1DA44A0100ED3370 /* RNRadarChart.swift in Sources */ = {isa = PBXBuildFile; fileRef = 1687132C1DA44A0100ED3370 /* RNRadarChart.swift */; };
		1687134E1DA44A0100ED3370 /* RNRadarChartManager.swift in Sources */ = {isa = PBXBuildFile; fileRef = 1687132D1DA44A0100ED3370 /* RNRadarChartManager.swift */; };
		1687134F1DA44A0100ED3370 /* RNScatterChart.m in Sources */ = {isa = PBXBuildFile; fileRef = 1687132F1DA44A0100ED3370 /* RNScatterChart.m */; };
		168713501DA44A0100ED3370 /* RNScatterChart.swift in Sources */ = {isa = PBXBuildFile; fileRef = 168713301DA44A0100ED3370 /* RNScatterChart.swift */; };
		168713511DA44A0100ED3370 /* RNScatterChartManager.swift in Sources */ = {isa = PBXBuildFile; fileRef = 168713311DA44A0100ED3370 /* RNScatterChartManager.swift */; };
		16B57C891DD10DC400858D00 /* libART.a in Frameworks */ = {isa = PBXBuildFile; fileRef = 16B57C751DD10D9E00858D00 /* libART.a */; };
		16DEA7461DA2DD74002DE357 /* Entypo.ttf in Resources */ = {isa = PBXBuildFile; fileRef = 16DEA73E1DA2DD73002DE357 /* Entypo.ttf */; };
		16DEA7471DA2DD74002DE357 /* EvilIcons.ttf in Resources */ = {isa = PBXBuildFile; fileRef = 16DEA73F1DA2DD74002DE357 /* EvilIcons.ttf */; };
		16DEA7481DA2DD74002DE357 /* FontAwesome.ttf in Resources */ = {isa = PBXBuildFile; fileRef = 16DEA7401DA2DD74002DE357 /* FontAwesome.ttf */; };
		16DEA7491DA2DD74002DE357 /* Foundation.ttf in Resources */ = {isa = PBXBuildFile; fileRef = 16DEA7411DA2DD74002DE357 /* Foundation.ttf */; };
		16DEA74A1DA2DD74002DE357 /* Ionicons.ttf in Resources */ = {isa = PBXBuildFile; fileRef = 16DEA7421DA2DD74002DE357 /* Ionicons.ttf */; };
		16DEA74B1DA2DD74002DE357 /* MaterialIcons.ttf in Resources */ = {isa = PBXBuildFile; fileRef = 16DEA7431DA2DD74002DE357 /* MaterialIcons.ttf */; };
		16DEA74C1DA2DD74002DE357 /* Octicons.ttf in Resources */ = {isa = PBXBuildFile; fileRef = 16DEA7441DA2DD74002DE357 /* Octicons.ttf */; };
		16DEA74D1DA2DD74002DE357 /* Zocial.ttf in Resources */ = {isa = PBXBuildFile; fileRef = 16DEA7451DA2DD74002DE357 /* Zocial.ttf */; };
		5C4180335C85A173D971B48F /* Pods_mobile.framework in Frameworks */ = {isa = PBXBuildFile; fileRef = B117847C40B300C8878AB3BF /* Pods_mobile.framework */; };
		832341BD1AAA6AB300B99B32 /* libRCTText.a in Frameworks */ = {isa = PBXBuildFile; fileRef = 832341B51AAA6A8300B99B32 /* libRCTText.a */; };
		9FB48AA5A6AB4A16977A8C7D /* libRNKeychain.a in Frameworks */ = {isa = PBXBuildFile; fileRef = 9EBEB4F2082E4ABB8687AA39 /* libRNKeychain.a */; };
		AF2074EBFD58A9587E9AA14B /* Pods_mobileTests.framework in Frameworks */ = {isa = PBXBuildFile; fileRef = 3EC27036DA036196410BFB57 /* Pods_mobileTests.framework */; };
		AFB7CF2583694B8DA46F8FE6 /* libSMXCrashlytics.a in Frameworks */ = {isa = PBXBuildFile; fileRef = D562DBD5B4904403AF9A102D /* libSMXCrashlytics.a */; };
/* End PBXBuildFile section */

/* Begin PBXContainerItemProxy section */
		00C302AB1ABCB8CE00DB3ED1 /* PBXContainerItemProxy */ = {
			isa = PBXContainerItemProxy;
			containerPortal = 00C302A71ABCB8CE00DB3ED1 /* RCTActionSheet.xcodeproj */;
			proxyType = 2;
			remoteGlobalIDString = 134814201AA4EA6300B7C361;
			remoteInfo = RCTActionSheet;
		};
		00C302B91ABCB90400DB3ED1 /* PBXContainerItemProxy */ = {
			isa = PBXContainerItemProxy;
			containerPortal = 00C302B51ABCB90400DB3ED1 /* RCTGeolocation.xcodeproj */;
			proxyType = 2;
			remoteGlobalIDString = 134814201AA4EA6300B7C361;
			remoteInfo = RCTGeolocation;
		};
		00C302BF1ABCB91800DB3ED1 /* PBXContainerItemProxy */ = {
			isa = PBXContainerItemProxy;
			containerPortal = 00C302BB1ABCB91800DB3ED1 /* RCTImage.xcodeproj */;
			proxyType = 2;
			remoteGlobalIDString = 58B5115D1A9E6B3D00147676;
			remoteInfo = RCTImage;
		};
		00C302DB1ABCB9D200DB3ED1 /* PBXContainerItemProxy */ = {
			isa = PBXContainerItemProxy;
			containerPortal = 00C302D31ABCB9D200DB3ED1 /* RCTNetwork.xcodeproj */;
			proxyType = 2;
			remoteGlobalIDString = 58B511DB1A9E6C8500147676;
			remoteInfo = RCTNetwork;
		};
		00C302E31ABCB9EE00DB3ED1 /* PBXContainerItemProxy */ = {
			isa = PBXContainerItemProxy;
			containerPortal = 00C302DF1ABCB9EE00DB3ED1 /* RCTVibration.xcodeproj */;
			proxyType = 2;
			remoteGlobalIDString = 832C81801AAF6DEF007FA2F7;
			remoteInfo = RCTVibration;
		};
		00E356F41AD99517003FC87E /* PBXContainerItemProxy */ = {
			isa = PBXContainerItemProxy;
			containerPortal = 83CBB9F71A601CBA00E9B192 /* Project object */;
			proxyType = 1;
			remoteGlobalIDString = 13B07F861A680F5B00A75B9A;
			remoteInfo = mobile;
		};
		139105C01AF99BAD00B5F7CC /* PBXContainerItemProxy */ = {
			isa = PBXContainerItemProxy;
			containerPortal = 139105B61AF99BAD00B5F7CC /* RCTSettings.xcodeproj */;
			proxyType = 2;
			remoteGlobalIDString = 134814201AA4EA6300B7C361;
			remoteInfo = RCTSettings;
		};
		139FDEF31B06529B00C62182 /* PBXContainerItemProxy */ = {
			isa = PBXContainerItemProxy;
			containerPortal = 139FDEE61B06529A00C62182 /* RCTWebSocket.xcodeproj */;
			proxyType = 2;
			remoteGlobalIDString = 3C86DF461ADF2C930047B81A;
			remoteInfo = RCTWebSocket;
		};
		146834031AC3E56700842450 /* PBXContainerItemProxy */ = {
			isa = PBXContainerItemProxy;
			containerPortal = 146833FF1AC3E56700842450 /* React.xcodeproj */;
			proxyType = 2;
			remoteGlobalIDString = 83CBBA2E1A601D0E00E9B192;
			remoteInfo = React;
		};
		161CE4651DBFDA0D0000E368 /* PBXContainerItemProxy */ = {
			isa = PBXContainerItemProxy;
			containerPortal = 00C302BB1ABCB91800DB3ED1 /* RCTImage.xcodeproj */;
			proxyType = 2;
			remoteGlobalIDString = 2D2A283A1D9B042B00D4039D;
			remoteInfo = "RCTImage-tvOS";
		};
		161CE4691DBFDA0D0000E368 /* PBXContainerItemProxy */ = {
			isa = PBXContainerItemProxy;
			containerPortal = 78C398B01ACF4ADC00677621 /* RCTLinking.xcodeproj */;
			proxyType = 2;
			remoteGlobalIDString = 2D2A28471D9B043800D4039D;
			remoteInfo = "RCTLinking-tvOS";
		};
		161CE46D1DBFDA0D0000E368 /* PBXContainerItemProxy */ = {
			isa = PBXContainerItemProxy;
			containerPortal = 00C302D31ABCB9D200DB3ED1 /* RCTNetwork.xcodeproj */;
			proxyType = 2;
			remoteGlobalIDString = 2D2A28541D9B044C00D4039D;
			remoteInfo = "RCTNetwork-tvOS";
		};
		161CE4711DBFDA0D0000E368 /* PBXContainerItemProxy */ = {
			isa = PBXContainerItemProxy;
			containerPortal = 139105B61AF99BAD00B5F7CC /* RCTSettings.xcodeproj */;
			proxyType = 2;
			remoteGlobalIDString = 2D2A28611D9B046600D4039D;
			remoteInfo = "RCTSettings-tvOS";
		};
		161CE4751DBFDA0D0000E368 /* PBXContainerItemProxy */ = {
			isa = PBXContainerItemProxy;
			containerPortal = 832341B01AAA6A8300B99B32 /* RCTText.xcodeproj */;
			proxyType = 2;
			remoteGlobalIDString = 2D2A287B1D9B048500D4039D;
			remoteInfo = "RCTText-tvOS";
		};
		161CE47A1DBFDA0D0000E368 /* PBXContainerItemProxy */ = {
			isa = PBXContainerItemProxy;
			containerPortal = 139FDEE61B06529A00C62182 /* RCTWebSocket.xcodeproj */;
			proxyType = 2;
			remoteGlobalIDString = 2D2A28881D9B049200D4039D;
			remoteInfo = "RCTWebSocket-tvOS";
		};
		161CE47E1DBFDA0D0000E368 /* PBXContainerItemProxy */ = {
			isa = PBXContainerItemProxy;
			containerPortal = 146833FF1AC3E56700842450 /* React.xcodeproj */;
			proxyType = 2;
			remoteGlobalIDString = 2D2A28131D9B038B00D4039D;
			remoteInfo = "React-tvOS";
		};
		161CE4A61DBFE3350000E368 /* PBXContainerItemProxy */ = {
			isa = PBXContainerItemProxy;
			containerPortal = BB57717EC51A4A31BA6BE496 /* SMXCrashlytics.xcodeproj */;
			proxyType = 2;
			remoteGlobalIDString = D8D9DB831C6D03DB009FBC0E;
			remoteInfo = SMXCrashlytics;
		};
		16B57C741DD10D9E00858D00 /* PBXContainerItemProxy */ = {
			isa = PBXContainerItemProxy;
			containerPortal = 16B57C701DD10D9E00858D00 /* ART.xcodeproj */;
			proxyType = 2;
			remoteGlobalIDString = 0CF68AC11AF0540F00FF9E5C;
			remoteInfo = ART;
		};
		16DEA73B1D9EDAA4002DE357 /* PBXContainerItemProxy */ = {
			isa = PBXContainerItemProxy;
			containerPortal = 61FB8E1AFED6435886278970 /* RNKeychain.xcodeproj */;
			proxyType = 2;
			remoteGlobalIDString = 5D82366F1B0CE05B005A9EF3;
			remoteInfo = RNKeychain;
		};
		78C398B81ACF4ADC00677621 /* PBXContainerItemProxy */ = {
			isa = PBXContainerItemProxy;
			containerPortal = 78C398B01ACF4ADC00677621 /* RCTLinking.xcodeproj */;
			proxyType = 2;
			remoteGlobalIDString = 134814201AA4EA6300B7C361;
			remoteInfo = RCTLinking;
		};
		832341B41AAA6A8300B99B32 /* PBXContainerItemProxy */ = {
			isa = PBXContainerItemProxy;
			containerPortal = 832341B01AAA6A8300B99B32 /* RCTText.xcodeproj */;
			proxyType = 2;
			remoteGlobalIDString = 58B5119B1A9E6C1200147676;
			remoteInfo = RCTText;
		};
/* End PBXContainerItemProxy section */

/* Begin PBXFileReference section */
		008F07F21AC5B25A0029DE68 /* main.jsbundle */ = {isa = PBXFileReference; fileEncoding = 4; lastKnownFileType = text; path = main.jsbundle; sourceTree = "<group>"; };
		00C302A71ABCB8CE00DB3ED1 /* RCTActionSheet.xcodeproj */ = {isa = PBXFileReference; lastKnownFileType = "wrapper.pb-project"; name = RCTActionSheet.xcodeproj; path = "../node_modules/react-native/Libraries/ActionSheetIOS/RCTActionSheet.xcodeproj"; sourceTree = "<group>"; };
		00C302B51ABCB90400DB3ED1 /* RCTGeolocation.xcodeproj */ = {isa = PBXFileReference; lastKnownFileType = "wrapper.pb-project"; name = RCTGeolocation.xcodeproj; path = "../node_modules/react-native/Libraries/Geolocation/RCTGeolocation.xcodeproj"; sourceTree = "<group>"; };
		00C302BB1ABCB91800DB3ED1 /* RCTImage.xcodeproj */ = {isa = PBXFileReference; lastKnownFileType = "wrapper.pb-project"; name = RCTImage.xcodeproj; path = "../node_modules/react-native/Libraries/Image/RCTImage.xcodeproj"; sourceTree = "<group>"; };
		00C302D31ABCB9D200DB3ED1 /* RCTNetwork.xcodeproj */ = {isa = PBXFileReference; lastKnownFileType = "wrapper.pb-project"; name = RCTNetwork.xcodeproj; path = "../node_modules/react-native/Libraries/Network/RCTNetwork.xcodeproj"; sourceTree = "<group>"; };
		00C302DF1ABCB9EE00DB3ED1 /* RCTVibration.xcodeproj */ = {isa = PBXFileReference; lastKnownFileType = "wrapper.pb-project"; name = RCTVibration.xcodeproj; path = "../node_modules/react-native/Libraries/Vibration/RCTVibration.xcodeproj"; sourceTree = "<group>"; };
		00E356EE1AD99517003FC87E /* mobileTests.xctest */ = {isa = PBXFileReference; explicitFileType = wrapper.cfbundle; includeInIndex = 0; path = mobileTests.xctest; sourceTree = BUILT_PRODUCTS_DIR; };
		00E356F11AD99517003FC87E /* Info.plist */ = {isa = PBXFileReference; lastKnownFileType = text.plist.xml; path = Info.plist; sourceTree = "<group>"; };
		00E356F21AD99517003FC87E /* mobileTests.m */ = {isa = PBXFileReference; lastKnownFileType = sourcecode.c.objc; path = mobileTests.m; sourceTree = "<group>"; };
		0E58927B1E172BB4009632F8 /* Charts.framework */ = {isa = PBXFileReference; lastKnownFileType = wrapper.framework; name = Charts.framework; path = "../../../Library/Developer/Xcode/DerivedData/mobile-afpiuyfyskuaivekihzstbwudzme/Build/Products/Debug-iphonesimulator/Charts/Charts.framework"; sourceTree = "<group>"; };
		0E58927D1E172BBA009632F8 /* SwiftyJSON.framework */ = {isa = PBXFileReference; lastKnownFileType = wrapper.framework; name = SwiftyJSON.framework; path = "../../../Library/Developer/Xcode/DerivedData/mobile-afpiuyfyskuaivekihzstbwudzme/Build/Products/Debug-iphonesimulator/SwiftyJSON/SwiftyJSON.framework"; sourceTree = "<group>"; };
		139105B61AF99BAD00B5F7CC /* RCTSettings.xcodeproj */ = {isa = PBXFileReference; lastKnownFileType = "wrapper.pb-project"; name = RCTSettings.xcodeproj; path = "../node_modules/react-native/Libraries/Settings/RCTSettings.xcodeproj"; sourceTree = "<group>"; };
		139FDEE61B06529A00C62182 /* RCTWebSocket.xcodeproj */ = {isa = PBXFileReference; lastKnownFileType = "wrapper.pb-project"; name = RCTWebSocket.xcodeproj; path = "../node_modules/react-native/Libraries/WebSocket/RCTWebSocket.xcodeproj"; sourceTree = "<group>"; };
		13B07F961A680F5B00A75B9A /* mobile.app */ = {isa = PBXFileReference; explicitFileType = wrapper.application; includeInIndex = 0; path = mobile.app; sourceTree = BUILT_PRODUCTS_DIR; };
		13B07FAF1A68108700A75B9A /* AppDelegate.h */ = {isa = PBXFileReference; fileEncoding = 4; lastKnownFileType = sourcecode.c.h; name = AppDelegate.h; path = mobile/AppDelegate.h; sourceTree = "<group>"; };
		13B07FB01A68108700A75B9A /* AppDelegate.m */ = {isa = PBXFileReference; fileEncoding = 4; lastKnownFileType = sourcecode.c.objc; name = AppDelegate.m; path = mobile/AppDelegate.m; sourceTree = "<group>"; };
		13B07FB21A68108700A75B9A /* Base */ = {isa = PBXFileReference; lastKnownFileType = file.xib; name = Base; path = Base.lproj/LaunchScreen.xib; sourceTree = "<group>"; };
		13B07FB51A68108700A75B9A /* Images.xcassets */ = {isa = PBXFileReference; lastKnownFileType = folder.assetcatalog; name = Images.xcassets; path = mobile/Images.xcassets; sourceTree = "<group>"; };
		13B07FB61A68108700A75B9A /* Info.plist */ = {isa = PBXFileReference; fileEncoding = 4; lastKnownFileType = text.plist.xml; name = Info.plist; path = mobile/Info.plist; sourceTree = "<group>"; };
		13B07FB71A68108700A75B9A /* main.m */ = {isa = PBXFileReference; fileEncoding = 4; lastKnownFileType = sourcecode.c.objc; name = main.m; path = mobile/main.m; sourceTree = "<group>"; };
		146833FF1AC3E56700842450 /* React.xcodeproj */ = {isa = PBXFileReference; lastKnownFileType = "wrapper.pb-project"; name = React.xcodeproj; path = "../node_modules/react-native/React/React.xcodeproj"; sourceTree = "<group>"; };
		161CE4821DBFE1680000E368 /* Fabric.framework */ = {isa = PBXFileReference; lastKnownFileType = wrapper.framework; path = Fabric.framework; sourceTree = "<group>"; };
		161CE4831DBFE1680000E368 /* Crashlytics.framework */ = {isa = PBXFileReference; lastKnownFileType = wrapper.framework; path = Crashlytics.framework; sourceTree = "<group>"; };
		168712FC1DA44A0000ED3370 /* mobile-Bridging-Header.h */ = {isa = PBXFileReference; lastKnownFileType = sourcecode.c.h; path = "mobile-Bridging-Header.h"; sourceTree = "<group>"; };
		168713081DA44A0100ED3370 /* ABNumberFormatter.swift */ = {isa = PBXFileReference; fileEncoding = 4; lastKnownFileType = sourcecode.swift; name = ABNumberFormatter.swift; path = "../node_modules/react-native-ios-charts/RNiOSCharts/ABNumberFormatter.swift"; sourceTree = "<group>"; };
		168713091DA44A0100ED3370 /* BarLineChartViewBaseExtension.swift */ = {isa = PBXFileReference; fileEncoding = 4; lastKnownFileType = sourcecode.swift; name = BarLineChartViewBaseExtension.swift; path = "../node_modules/react-native-ios-charts/RNiOSCharts/BarLineChartViewBaseExtension.swift"; sourceTree = "<group>"; };
		1687130A1DA44A0100ED3370 /* chartDataHelpers.swift */ = {isa = PBXFileReference; fileEncoding = 4; lastKnownFileType = sourcecode.swift; name = chartDataHelpers.swift; path = "../node_modules/react-native-ios-charts/RNiOSCharts/chartDataHelpers.swift"; sourceTree = "<group>"; };
		1687130B1DA44A0100ED3370 /* ChartViewBaseExtension.swift */ = {isa = PBXFileReference; fileEncoding = 4; lastKnownFileType = sourcecode.swift; name = ChartViewBaseExtension.swift; path = "../node_modules/react-native-ios-charts/RNiOSCharts/ChartViewBaseExtension.swift"; sourceTree = "<group>"; };
		1687130C1DA44A0100ED3370 /* PieRadarChartViewBaseExtension.swift */ = {isa = PBXFileReference; fileEncoding = 4; lastKnownFileType = sourcecode.swift; name = PieRadarChartViewBaseExtension.swift; path = "../node_modules/react-native-ios-charts/RNiOSCharts/PieRadarChartViewBaseExtension.swift"; sourceTree = "<group>"; };
		1687130D1DA44A0100ED3370 /* RCTIOSCharts-Bridging-Header.h */ = {isa = PBXFileReference; fileEncoding = 4; lastKnownFileType = sourcecode.c.h; name = "RCTIOSCharts-Bridging-Header.h"; path = "../node_modules/react-native-ios-charts/RNiOSCharts/RCTIOSCharts-Bridging-Header.h"; sourceTree = "<group>"; };
		1687130E1DA44A0100ED3370 /* RNBarChart.h */ = {isa = PBXFileReference; fileEncoding = 4; lastKnownFileType = sourcecode.c.h; name = RNBarChart.h; path = "../node_modules/react-native-ios-charts/RNiOSCharts/RNBarChart.h"; sourceTree = "<group>"; };
		1687130F1DA44A0100ED3370 /* RNBarChart.m */ = {isa = PBXFileReference; fileEncoding = 4; lastKnownFileType = sourcecode.c.objc; name = RNBarChart.m; path = "../node_modules/react-native-ios-charts/RNiOSCharts/RNBarChart.m"; sourceTree = "<group>"; };
		168713101DA44A0100ED3370 /* RNBarChart.swift */ = {isa = PBXFileReference; fileEncoding = 4; lastKnownFileType = sourcecode.swift; name = RNBarChart.swift; path = "../node_modules/react-native-ios-charts/RNiOSCharts/RNBarChart.swift"; sourceTree = "<group>"; };
		168713111DA44A0100ED3370 /* RNBarChartManager.swift */ = {isa = PBXFileReference; fileEncoding = 4; lastKnownFileType = sourcecode.swift; name = RNBarChartManager.swift; path = "../node_modules/react-native-ios-charts/RNiOSCharts/RNBarChartManager.swift"; sourceTree = "<group>"; };
		168713121DA44A0100ED3370 /* RNBubbleChart.h */ = {isa = PBXFileReference; fileEncoding = 4; lastKnownFileType = sourcecode.c.h; name = RNBubbleChart.h; path = "../node_modules/react-native-ios-charts/RNiOSCharts/RNBubbleChart.h"; sourceTree = "<group>"; };
		168713131DA44A0100ED3370 /* RNBubbleChart.m */ = {isa = PBXFileReference; fileEncoding = 4; lastKnownFileType = sourcecode.c.objc; name = RNBubbleChart.m; path = "../node_modules/react-native-ios-charts/RNiOSCharts/RNBubbleChart.m"; sourceTree = "<group>"; };
		168713141DA44A0100ED3370 /* RNBubbleChart.swift */ = {isa = PBXFileReference; fileEncoding = 4; lastKnownFileType = sourcecode.swift; name = RNBubbleChart.swift; path = "../node_modules/react-native-ios-charts/RNiOSCharts/RNBubbleChart.swift"; sourceTree = "<group>"; };
		168713151DA44A0100ED3370 /* RNBubbleChartManager.swift */ = {isa = PBXFileReference; fileEncoding = 4; lastKnownFileType = sourcecode.swift; name = RNBubbleChartManager.swift; path = "../node_modules/react-native-ios-charts/RNiOSCharts/RNBubbleChartManager.swift"; sourceTree = "<group>"; };
		168713161DA44A0100ED3370 /* RNCandleChartManager.swift */ = {isa = PBXFileReference; fileEncoding = 4; lastKnownFileType = sourcecode.swift; name = RNCandleChartManager.swift; path = "../node_modules/react-native-ios-charts/RNiOSCharts/RNCandleChartManager.swift"; sourceTree = "<group>"; };
		168713171DA44A0100ED3370 /* RNCandleStickChart.h */ = {isa = PBXFileReference; fileEncoding = 4; lastKnownFileType = sourcecode.c.h; name = RNCandleStickChart.h; path = "../node_modules/react-native-ios-charts/RNiOSCharts/RNCandleStickChart.h"; sourceTree = "<group>"; };
		168713181DA44A0100ED3370 /* RNCandleStickChart.m */ = {isa = PBXFileReference; fileEncoding = 4; lastKnownFileType = sourcecode.c.objc; name = RNCandleStickChart.m; path = "../node_modules/react-native-ios-charts/RNiOSCharts/RNCandleStickChart.m"; sourceTree = "<group>"; };
		168713191DA44A0100ED3370 /* RNCandleStickChart.swift */ = {isa = PBXFileReference; fileEncoding = 4; lastKnownFileType = sourcecode.swift; name = RNCandleStickChart.swift; path = "../node_modules/react-native-ios-charts/RNiOSCharts/RNCandleStickChart.swift"; sourceTree = "<group>"; };
		1687131A1DA44A0100ED3370 /* RNCombinedChart.h */ = {isa = PBXFileReference; fileEncoding = 4; lastKnownFileType = sourcecode.c.h; name = RNCombinedChart.h; path = "../node_modules/react-native-ios-charts/RNiOSCharts/RNCombinedChart.h"; sourceTree = "<group>"; };
		1687131B1DA44A0100ED3370 /* RNCombinedChart.m */ = {isa = PBXFileReference; fileEncoding = 4; lastKnownFileType = sourcecode.c.objc; name = RNCombinedChart.m; path = "../node_modules/react-native-ios-charts/RNiOSCharts/RNCombinedChart.m"; sourceTree = "<group>"; };
		1687131C1DA44A0100ED3370 /* RNCombinedChart.swift */ = {isa = PBXFileReference; fileEncoding = 4; lastKnownFileType = sourcecode.swift; name = RNCombinedChart.swift; path = "../node_modules/react-native-ios-charts/RNiOSCharts/RNCombinedChart.swift"; sourceTree = "<group>"; };
		1687131D1DA44A0100ED3370 /* RNCombinedChartManager.swift */ = {isa = PBXFileReference; fileEncoding = 4; lastKnownFileType = sourcecode.swift; name = RNCombinedChartManager.swift; path = "../node_modules/react-native-ios-charts/RNiOSCharts/RNCombinedChartManager.swift"; sourceTree = "<group>"; };
		1687131E1DA44A0100ED3370 /* RNHorizontalBarChart.h */ = {isa = PBXFileReference; fileEncoding = 4; lastKnownFileType = sourcecode.c.h; name = RNHorizontalBarChart.h; path = "../node_modules/react-native-ios-charts/RNiOSCharts/RNHorizontalBarChart.h"; sourceTree = "<group>"; };
		1687131F1DA44A0100ED3370 /* RNHorizontalBarChart.m */ = {isa = PBXFileReference; fileEncoding = 4; lastKnownFileType = sourcecode.c.objc; name = RNHorizontalBarChart.m; path = "../node_modules/react-native-ios-charts/RNiOSCharts/RNHorizontalBarChart.m"; sourceTree = "<group>"; };
		168713201DA44A0100ED3370 /* RNHorizontalBarChart.swift */ = {isa = PBXFileReference; fileEncoding = 4; lastKnownFileType = sourcecode.swift; name = RNHorizontalBarChart.swift; path = "../node_modules/react-native-ios-charts/RNiOSCharts/RNHorizontalBarChart.swift"; sourceTree = "<group>"; };
		168713211DA44A0100ED3370 /* RNHorizontalBarChartManager.swift */ = {isa = PBXFileReference; fileEncoding = 4; lastKnownFileType = sourcecode.swift; name = RNHorizontalBarChartManager.swift; path = "../node_modules/react-native-ios-charts/RNiOSCharts/RNHorizontalBarChartManager.swift"; sourceTree = "<group>"; };
		168713221DA44A0100ED3370 /* RNLineChart.h */ = {isa = PBXFileReference; fileEncoding = 4; lastKnownFileType = sourcecode.c.h; name = RNLineChart.h; path = "../node_modules/react-native-ios-charts/RNiOSCharts/RNLineChart.h"; sourceTree = "<group>"; };
		168713231DA44A0100ED3370 /* RNLineChart.m */ = {isa = PBXFileReference; fileEncoding = 4; lastKnownFileType = sourcecode.c.objc; name = RNLineChart.m; path = "../node_modules/react-native-ios-charts/RNiOSCharts/RNLineChart.m"; sourceTree = "<group>"; };
		168713241DA44A0100ED3370 /* RNLineChart.swift */ = {isa = PBXFileReference; fileEncoding = 4; lastKnownFileType = sourcecode.swift; name = RNLineChart.swift; path = "../node_modules/react-native-ios-charts/RNiOSCharts/RNLineChart.swift"; sourceTree = "<group>"; };
		168713251DA44A0100ED3370 /* RNLineChartManager.swift */ = {isa = PBXFileReference; fileEncoding = 4; lastKnownFileType = sourcecode.swift; name = RNLineChartManager.swift; path = "../node_modules/react-native-ios-charts/RNiOSCharts/RNLineChartManager.swift"; sourceTree = "<group>"; };
		168713261DA44A0100ED3370 /* RNPieChart.h */ = {isa = PBXFileReference; fileEncoding = 4; lastKnownFileType = sourcecode.c.h; name = RNPieChart.h; path = "../node_modules/react-native-ios-charts/RNiOSCharts/RNPieChart.h"; sourceTree = "<group>"; };
		168713271DA44A0100ED3370 /* RNPieChart.m */ = {isa = PBXFileReference; fileEncoding = 4; lastKnownFileType = sourcecode.c.objc; name = RNPieChart.m; path = "../node_modules/react-native-ios-charts/RNiOSCharts/RNPieChart.m"; sourceTree = "<group>"; };
		168713281DA44A0100ED3370 /* RNPieChart.swift */ = {isa = PBXFileReference; fileEncoding = 4; lastKnownFileType = sourcecode.swift; name = RNPieChart.swift; path = "../node_modules/react-native-ios-charts/RNiOSCharts/RNPieChart.swift"; sourceTree = "<group>"; };
		168713291DA44A0100ED3370 /* RNPieChartManager.swift */ = {isa = PBXFileReference; fileEncoding = 4; lastKnownFileType = sourcecode.swift; name = RNPieChartManager.swift; path = "../node_modules/react-native-ios-charts/RNiOSCharts/RNPieChartManager.swift"; sourceTree = "<group>"; };
		1687132A1DA44A0100ED3370 /* RNRadarChart.h */ = {isa = PBXFileReference; fileEncoding = 4; lastKnownFileType = sourcecode.c.h; name = RNRadarChart.h; path = "../node_modules/react-native-ios-charts/RNiOSCharts/RNRadarChart.h"; sourceTree = "<group>"; };
		1687132B1DA44A0100ED3370 /* RNRadarChart.m */ = {isa = PBXFileReference; fileEncoding = 4; lastKnownFileType = sourcecode.c.objc; name = RNRadarChart.m; path = "../node_modules/react-native-ios-charts/RNiOSCharts/RNRadarChart.m"; sourceTree = "<group>"; };
		1687132C1DA44A0100ED3370 /* RNRadarChart.swift */ = {isa = PBXFileReference; fileEncoding = 4; lastKnownFileType = sourcecode.swift; name = RNRadarChart.swift; path = "../node_modules/react-native-ios-charts/RNiOSCharts/RNRadarChart.swift"; sourceTree = "<group>"; };
		1687132D1DA44A0100ED3370 /* RNRadarChartManager.swift */ = {isa = PBXFileReference; fileEncoding = 4; lastKnownFileType = sourcecode.swift; name = RNRadarChartManager.swift; path = "../node_modules/react-native-ios-charts/RNiOSCharts/RNRadarChartManager.swift"; sourceTree = "<group>"; };
		1687132E1DA44A0100ED3370 /* RNScatterChart.h */ = {isa = PBXFileReference; fileEncoding = 4; lastKnownFileType = sourcecode.c.h; name = RNScatterChart.h; path = "../node_modules/react-native-ios-charts/RNiOSCharts/RNScatterChart.h"; sourceTree = "<group>"; };
		1687132F1DA44A0100ED3370 /* RNScatterChart.m */ = {isa = PBXFileReference; fileEncoding = 4; lastKnownFileType = sourcecode.c.objc; name = RNScatterChart.m; path = "../node_modules/react-native-ios-charts/RNiOSCharts/RNScatterChart.m"; sourceTree = "<group>"; };
		168713301DA44A0100ED3370 /* RNScatterChart.swift */ = {isa = PBXFileReference; fileEncoding = 4; lastKnownFileType = sourcecode.swift; name = RNScatterChart.swift; path = "../node_modules/react-native-ios-charts/RNiOSCharts/RNScatterChart.swift"; sourceTree = "<group>"; };
		168713311DA44A0100ED3370 /* RNScatterChartManager.swift */ = {isa = PBXFileReference; fileEncoding = 4; lastKnownFileType = sourcecode.swift; name = RNScatterChartManager.swift; path = "../node_modules/react-native-ios-charts/RNiOSCharts/RNScatterChartManager.swift"; sourceTree = "<group>"; };
		16B57C701DD10D9E00858D00 /* ART.xcodeproj */ = {isa = PBXFileReference; lastKnownFileType = "wrapper.pb-project"; name = ART.xcodeproj; path = "../node_modules/react-native/Libraries/ART/ART.xcodeproj"; sourceTree = "<group>"; };
		16DEA7231D9EDA6B002DE357 /* mobile.entitlements */ = {isa = PBXFileReference; lastKnownFileType = text.xml; name = mobile.entitlements; path = mobile/mobile.entitlements; sourceTree = "<group>"; };
		16DEA73E1DA2DD73002DE357 /* Entypo.ttf */ = {isa = PBXFileReference; lastKnownFileType = file; path = Entypo.ttf; sourceTree = "<group>"; };
		16DEA73F1DA2DD74002DE357 /* EvilIcons.ttf */ = {isa = PBXFileReference; lastKnownFileType = file; path = EvilIcons.ttf; sourceTree = "<group>"; };
		16DEA7401DA2DD74002DE357 /* FontAwesome.ttf */ = {isa = PBXFileReference; lastKnownFileType = file; path = FontAwesome.ttf; sourceTree = "<group>"; };
		16DEA7411DA2DD74002DE357 /* Foundation.ttf */ = {isa = PBXFileReference; lastKnownFileType = file; path = Foundation.ttf; sourceTree = "<group>"; };
		16DEA7421DA2DD74002DE357 /* Ionicons.ttf */ = {isa = PBXFileReference; lastKnownFileType = file; path = Ionicons.ttf; sourceTree = "<group>"; };
		16DEA7431DA2DD74002DE357 /* MaterialIcons.ttf */ = {isa = PBXFileReference; lastKnownFileType = file; path = MaterialIcons.ttf; sourceTree = "<group>"; };
		16DEA7441DA2DD74002DE357 /* Octicons.ttf */ = {isa = PBXFileReference; lastKnownFileType = file; path = Octicons.ttf; sourceTree = "<group>"; };
		16DEA7451DA2DD74002DE357 /* Zocial.ttf */ = {isa = PBXFileReference; lastKnownFileType = file; path = Zocial.ttf; sourceTree = "<group>"; };
		2054ACFA989BC18996532DA6 /* Pods-mobileTests.debug.xcconfig */ = {isa = PBXFileReference; includeInIndex = 1; lastKnownFileType = text.xcconfig; name = "Pods-mobileTests.debug.xcconfig"; path = "Pods/Target Support Files/Pods-mobileTests/Pods-mobileTests.debug.xcconfig"; sourceTree = "<group>"; };
		2D548283BC626429A648D092 /* Pods-mobile.release.xcconfig */ = {isa = PBXFileReference; includeInIndex = 1; lastKnownFileType = text.xcconfig; name = "Pods-mobile.release.xcconfig"; path = "Pods/Target Support Files/Pods-mobile/Pods-mobile.release.xcconfig"; sourceTree = "<group>"; };
		3EC27036DA036196410BFB57 /* Pods_mobileTests.framework */ = {isa = PBXFileReference; explicitFileType = wrapper.framework; includeInIndex = 0; path = Pods_mobileTests.framework; sourceTree = BUILT_PRODUCTS_DIR; };
		4D10A1467737D6223BEFE798 /* Pods-mobile.debug.xcconfig */ = {isa = PBXFileReference; includeInIndex = 1; lastKnownFileType = text.xcconfig; name = "Pods-mobile.debug.xcconfig"; path = "Pods/Target Support Files/Pods-mobile/Pods-mobile.debug.xcconfig"; sourceTree = "<group>"; };
		61FB8E1AFED6435886278970 /* RNKeychain.xcodeproj */ = {isa = PBXFileReference; explicitFileType = undefined; fileEncoding = 9; includeInIndex = 0; lastKnownFileType = "wrapper.pb-project"; name = RNKeychain.xcodeproj; path = "../node_modules/react-native-keychain/RNKeychain.xcodeproj"; sourceTree = "<group>"; };
		78C398B01ACF4ADC00677621 /* RCTLinking.xcodeproj */ = {isa = PBXFileReference; lastKnownFileType = "wrapper.pb-project"; name = RCTLinking.xcodeproj; path = "../node_modules/react-native/Libraries/LinkingIOS/RCTLinking.xcodeproj"; sourceTree = "<group>"; };
		832341B01AAA6A8300B99B32 /* RCTText.xcodeproj */ = {isa = PBXFileReference; lastKnownFileType = "wrapper.pb-project"; name = RCTText.xcodeproj; path = "../node_modules/react-native/Libraries/Text/RCTText.xcodeproj"; sourceTree = "<group>"; };
		986A744202DF53269CF07842 /* Pods-mobileTests.release.xcconfig */ = {isa = PBXFileReference; includeInIndex = 1; lastKnownFileType = text.xcconfig; name = "Pods-mobileTests.release.xcconfig"; path = "Pods/Target Support Files/Pods-mobileTests/Pods-mobileTests.release.xcconfig"; sourceTree = "<group>"; };
		9EBEB4F2082E4ABB8687AA39 /* libRNKeychain.a */ = {isa = PBXFileReference; explicitFileType = undefined; fileEncoding = 9; includeInIndex = 0; lastKnownFileType = archive.ar; path = libRNKeychain.a; sourceTree = "<group>"; };
		B117847C40B300C8878AB3BF /* Pods_mobile.framework */ = {isa = PBXFileReference; explicitFileType = wrapper.framework; includeInIndex = 0; path = Pods_mobile.framework; sourceTree = BUILT_PRODUCTS_DIR; };
		BB57717EC51A4A31BA6BE496 /* SMXCrashlytics.xcodeproj */ = {isa = PBXFileReference; explicitFileType = undefined; fileEncoding = 9; includeInIndex = 0; lastKnownFileType = "wrapper.pb-project"; name = SMXCrashlytics.xcodeproj; path = "../node_modules/react-native-fabric/ios/SMXCrashlytics.xcodeproj"; sourceTree = "<group>"; };
		D562DBD5B4904403AF9A102D /* libSMXCrashlytics.a */ = {isa = PBXFileReference; explicitFileType = undefined; fileEncoding = 9; includeInIndex = 0; lastKnownFileType = archive.ar; path = libSMXCrashlytics.a; sourceTree = "<group>"; };
/* End PBXFileReference section */

/* Begin PBXFrameworksBuildPhase section */
		00E356EB1AD99517003FC87E /* Frameworks */ = {
			isa = PBXFrameworksBuildPhase;
			buildActionMask = 2147483647;
			files = (
				140ED2AC1D01E1AD002B40FF /* libReact.a in Frameworks */,
				AF2074EBFD58A9587E9AA14B /* Pods_mobileTests.framework in Frameworks */,
			);
			runOnlyForDeploymentPostprocessing = 0;
		};
		13B07F8C1A680F5B00A75B9A /* Frameworks */ = {
			isa = PBXFrameworksBuildPhase;
			buildActionMask = 2147483647;
			files = (
				0E58927E1E172BBA009632F8 /* SwiftyJSON.framework in Frameworks */,
				0E58927C1E172BB4009632F8 /* Charts.framework in Frameworks */,
				16B57C891DD10DC400858D00 /* libART.a in Frameworks */,
				146834051AC3E58100842450 /* libReact.a in Frameworks */,
				00C302E51ABCBA2D00DB3ED1 /* libRCTActionSheet.a in Frameworks */,
				00C302E71ABCBA2D00DB3ED1 /* libRCTGeolocation.a in Frameworks */,
				00C302E81ABCBA2D00DB3ED1 /* libRCTImage.a in Frameworks */,
				133E29F31AD74F7200F7D852 /* libRCTLinking.a in Frameworks */,
				00C302E91ABCBA2D00DB3ED1 /* libRCTNetwork.a in Frameworks */,
				161CE4851DBFE1680000E368 /* Crashlytics.framework in Frameworks */,
				139105C61AF99C1200B5F7CC /* libRCTSettings.a in Frameworks */,
				832341BD1AAA6AB300B99B32 /* libRCTText.a in Frameworks */,
				161CE4841DBFE1680000E368 /* Fabric.framework in Frameworks */,
				00C302EA1ABCBA2D00DB3ED1 /* libRCTVibration.a in Frameworks */,
				139FDEF61B0652A700C62182 /* libRCTWebSocket.a in Frameworks */,
				9FB48AA5A6AB4A16977A8C7D /* libRNKeychain.a in Frameworks */,
				5C4180335C85A173D971B48F /* Pods_mobile.framework in Frameworks */,
				AFB7CF2583694B8DA46F8FE6 /* libSMXCrashlytics.a in Frameworks */,
			);
			runOnlyForDeploymentPostprocessing = 0;
		};
/* End PBXFrameworksBuildPhase section */

/* Begin PBXGroup section */
		00C302A81ABCB8CE00DB3ED1 /* Products */ = {
			isa = PBXGroup;
			children = (
				00C302AC1ABCB8CE00DB3ED1 /* libRCTActionSheet.a */,
			);
			name = Products;
			sourceTree = "<group>";
		};
		00C302B61ABCB90400DB3ED1 /* Products */ = {
			isa = PBXGroup;
			children = (
				00C302BA1ABCB90400DB3ED1 /* libRCTGeolocation.a */,
			);
			name = Products;
			sourceTree = "<group>";
		};
		00C302BC1ABCB91800DB3ED1 /* Products */ = {
			isa = PBXGroup;
			children = (
				00C302C01ABCB91800DB3ED1 /* libRCTImage.a */,
				161CE4661DBFDA0D0000E368 /* libRCTImage-tvOS.a */,
			);
			name = Products;
			sourceTree = "<group>";
		};
		00C302D41ABCB9D200DB3ED1 /* Products */ = {
			isa = PBXGroup;
			children = (
				00C302DC1ABCB9D200DB3ED1 /* libRCTNetwork.a */,
				161CE46E1DBFDA0D0000E368 /* libRCTNetwork-tvOS.a */,
			);
			name = Products;
			sourceTree = "<group>";
		};
		00C302E01ABCB9EE00DB3ED1 /* Products */ = {
			isa = PBXGroup;
			children = (
				00C302E41ABCB9EE00DB3ED1 /* libRCTVibration.a */,
			);
			name = Products;
			sourceTree = "<group>";
		};
		00E356EF1AD99517003FC87E /* mobileTests */ = {
			isa = PBXGroup;
			children = (
				00E356F21AD99517003FC87E /* mobileTests.m */,
				00E356F01AD99517003FC87E /* Supporting Files */,
			);
			path = mobileTests;
			sourceTree = "<group>";
		};
		00E356F01AD99517003FC87E /* Supporting Files */ = {
			isa = PBXGroup;
			children = (
				00E356F11AD99517003FC87E /* Info.plist */,
			);
			name = "Supporting Files";
			sourceTree = "<group>";
		};
		139105B71AF99BAD00B5F7CC /* Products */ = {
			isa = PBXGroup;
			children = (
				139105C11AF99BAD00B5F7CC /* libRCTSettings.a */,
				161CE4721DBFDA0D0000E368 /* libRCTSettings-tvOS.a */,
			);
			name = Products;
			sourceTree = "<group>";
		};
		139FDEE71B06529A00C62182 /* Products */ = {
			isa = PBXGroup;
			children = (
				139FDEF41B06529B00C62182 /* libRCTWebSocket.a */,
				161CE47B1DBFDA0D0000E368 /* libRCTWebSocket-tvOS.a */,
			);
			name = Products;
			sourceTree = "<group>";
		};
		13B07FAE1A68108700A75B9A /* mobile */ = {
			isa = PBXGroup;
			children = (
				16DEA7231D9EDA6B002DE357 /* mobile.entitlements */,
				008F07F21AC5B25A0029DE68 /* main.jsbundle */,
				13B07FAF1A68108700A75B9A /* AppDelegate.h */,
				13B07FB01A68108700A75B9A /* AppDelegate.m */,
				13B07FB51A68108700A75B9A /* Images.xcassets */,
				13B07FB61A68108700A75B9A /* Info.plist */,
				13B07FB11A68108700A75B9A /* LaunchScreen.xib */,
				13B07FB71A68108700A75B9A /* main.m */,
			);
			name = mobile;
			sourceTree = "<group>";
		};
		146834001AC3E56700842450 /* Products */ = {
			isa = PBXGroup;
			children = (
				146834041AC3E56700842450 /* libReact.a */,
				161CE47F1DBFDA0D0000E368 /* libReact-tvOS.a */,
			);
			name = Products;
			sourceTree = "<group>";
		};
		161CE4911DBFE3350000E368 /* Products */ = {
			isa = PBXGroup;
			children = (
				161CE4A71DBFE3350000E368 /* libSMXCrashlytics.a */,
			);
			name = Products;
			sourceTree = "<group>";
		};
		168713521DA44A0800ED3370 /* RNiOSCharts */ = {
			isa = PBXGroup;
			children = (
				168713081DA44A0100ED3370 /* ABNumberFormatter.swift */,
				168713091DA44A0100ED3370 /* BarLineChartViewBaseExtension.swift */,
				1687130A1DA44A0100ED3370 /* chartDataHelpers.swift */,
				1687130B1DA44A0100ED3370 /* ChartViewBaseExtension.swift */,
				1687130C1DA44A0100ED3370 /* PieRadarChartViewBaseExtension.swift */,
				1687130D1DA44A0100ED3370 /* RCTIOSCharts-Bridging-Header.h */,
				1687130E1DA44A0100ED3370 /* RNBarChart.h */,
				1687130F1DA44A0100ED3370 /* RNBarChart.m */,
				168713101DA44A0100ED3370 /* RNBarChart.swift */,
				168713111DA44A0100ED3370 /* RNBarChartManager.swift */,
				168713121DA44A0100ED3370 /* RNBubbleChart.h */,
				168713131DA44A0100ED3370 /* RNBubbleChart.m */,
				168713141DA44A0100ED3370 /* RNBubbleChart.swift */,
				168713151DA44A0100ED3370 /* RNBubbleChartManager.swift */,
				168713161DA44A0100ED3370 /* RNCandleChartManager.swift */,
				168713171DA44A0100ED3370 /* RNCandleStickChart.h */,
				168713181DA44A0100ED3370 /* RNCandleStickChart.m */,
				168713191DA44A0100ED3370 /* RNCandleStickChart.swift */,
				1687131A1DA44A0100ED3370 /* RNCombinedChart.h */,
				1687131B1DA44A0100ED3370 /* RNCombinedChart.m */,
				1687131C1DA44A0100ED3370 /* RNCombinedChart.swift */,
				1687131D1DA44A0100ED3370 /* RNCombinedChartManager.swift */,
				1687131E1DA44A0100ED3370 /* RNHorizontalBarChart.h */,
				1687131F1DA44A0100ED3370 /* RNHorizontalBarChart.m */,
				168713201DA44A0100ED3370 /* RNHorizontalBarChart.swift */,
				168713211DA44A0100ED3370 /* RNHorizontalBarChartManager.swift */,
				168713221DA44A0100ED3370 /* RNLineChart.h */,
				168713231DA44A0100ED3370 /* RNLineChart.m */,
				168713241DA44A0100ED3370 /* RNLineChart.swift */,
				168713251DA44A0100ED3370 /* RNLineChartManager.swift */,
				168713261DA44A0100ED3370 /* RNPieChart.h */,
				168713271DA44A0100ED3370 /* RNPieChart.m */,
				168713281DA44A0100ED3370 /* RNPieChart.swift */,
				168713291DA44A0100ED3370 /* RNPieChartManager.swift */,
				1687132A1DA44A0100ED3370 /* RNRadarChart.h */,
				1687132B1DA44A0100ED3370 /* RNRadarChart.m */,
				1687132C1DA44A0100ED3370 /* RNRadarChart.swift */,
				1687132D1DA44A0100ED3370 /* RNRadarChartManager.swift */,
				1687132E1DA44A0100ED3370 /* RNScatterChart.h */,
				1687132F1DA44A0100ED3370 /* RNScatterChart.m */,
				168713301DA44A0100ED3370 /* RNScatterChart.swift */,
				168713311DA44A0100ED3370 /* RNScatterChartManager.swift */,
			);
			name = RNiOSCharts;
			sourceTree = "<group>";
		};
		16B57C711DD10D9E00858D00 /* Products */ = {
			isa = PBXGroup;
			children = (
				16B57C751DD10D9E00858D00 /* libART.a */,
			);
			name = Products;
			sourceTree = "<group>";
		};
		16DEA72E1D9EDAA4002DE357 /* Products */ = {
			isa = PBXGroup;
			children = (
				16DEA73C1D9EDAA4002DE357 /* libRNKeychain.a */,
			);
			name = Products;
			sourceTree = "<group>";
		};
		16DEA73D1DA2DD73002DE357 /* Fonts */ = {
			isa = PBXGroup;
			children = (
				16DEA73E1DA2DD73002DE357 /* Entypo.ttf */,
				16DEA73F1DA2DD74002DE357 /* EvilIcons.ttf */,
				16DEA7401DA2DD74002DE357 /* FontAwesome.ttf */,
				16DEA7411DA2DD74002DE357 /* Foundation.ttf */,
				16DEA7421DA2DD74002DE357 /* Ionicons.ttf */,
				16DEA7431DA2DD74002DE357 /* MaterialIcons.ttf */,
				16DEA7441DA2DD74002DE357 /* Octicons.ttf */,
				16DEA7451DA2DD74002DE357 /* Zocial.ttf */,
			);
			name = Fonts;
			path = "../node_modules/react-native-vector-icons/Fonts";
			sourceTree = "<group>";
		};
		78C398B11ACF4ADC00677621 /* Products */ = {
			isa = PBXGroup;
			children = (
				78C398B91ACF4ADC00677621 /* libRCTLinking.a */,
				161CE46A1DBFDA0D0000E368 /* libRCTLinking-tvOS.a */,
			);
			name = Products;
			sourceTree = "<group>";
		};
		832341AE1AAA6A7D00B99B32 /* Libraries */ = {
			isa = PBXGroup;
			children = (
				16B57C701DD10D9E00858D00 /* ART.xcodeproj */,
				146833FF1AC3E56700842450 /* React.xcodeproj */,
				00C302A71ABCB8CE00DB3ED1 /* RCTActionSheet.xcodeproj */,
				00C302B51ABCB90400DB3ED1 /* RCTGeolocation.xcodeproj */,
				00C302BB1ABCB91800DB3ED1 /* RCTImage.xcodeproj */,
				78C398B01ACF4ADC00677621 /* RCTLinking.xcodeproj */,
				00C302D31ABCB9D200DB3ED1 /* RCTNetwork.xcodeproj */,
				139105B61AF99BAD00B5F7CC /* RCTSettings.xcodeproj */,
				832341B01AAA6A8300B99B32 /* RCTText.xcodeproj */,
				00C302DF1ABCB9EE00DB3ED1 /* RCTVibration.xcodeproj */,
				139FDEE61B06529A00C62182 /* RCTWebSocket.xcodeproj */,
				61FB8E1AFED6435886278970 /* RNKeychain.xcodeproj */,
				BB57717EC51A4A31BA6BE496 /* SMXCrashlytics.xcodeproj */,
			);
			name = Libraries;
			sourceTree = "<group>";
		};
		832341B11AAA6A8300B99B32 /* Products */ = {
			isa = PBXGroup;
			children = (
				832341B51AAA6A8300B99B32 /* libRCTText.a */,
				161CE4761DBFDA0D0000E368 /* libRCTText-tvOS.a */,
			);
			name = Products;
			sourceTree = "<group>";
		};
		83CBB9F61A601CBA00E9B192 = {
			isa = PBXGroup;
			children = (
				168713521DA44A0800ED3370 /* RNiOSCharts */,
				16DEA73D1DA2DD73002DE357 /* Fonts */,
				13B07FAE1A68108700A75B9A /* mobile */,
				832341AE1AAA6A7D00B99B32 /* Libraries */,
				00E356EF1AD99517003FC87E /* mobileTests */,
				83CBBA001A601CBA00E9B192 /* Products */,
				9436DDE0D22859EE58123C12 /* Pods */,
				F86D593D5ED82110E5FA8542 /* Frameworks */,
				168712FC1DA44A0000ED3370 /* mobile-Bridging-Header.h */,
			);
			indentWidth = 2;
			sourceTree = "<group>";
			tabWidth = 2;
		};
		83CBBA001A601CBA00E9B192 /* Products */ = {
			isa = PBXGroup;
			children = (
				13B07F961A680F5B00A75B9A /* mobile.app */,
				00E356EE1AD99517003FC87E /* mobileTests.xctest */,
			);
			name = Products;
			sourceTree = "<group>";
		};
		9436DDE0D22859EE58123C12 /* Pods */ = {
			isa = PBXGroup;
			children = (
				4D10A1467737D6223BEFE798 /* Pods-mobile.debug.xcconfig */,
				2D548283BC626429A648D092 /* Pods-mobile.release.xcconfig */,
				2054ACFA989BC18996532DA6 /* Pods-mobileTests.debug.xcconfig */,
				986A744202DF53269CF07842 /* Pods-mobileTests.release.xcconfig */,
			);
			name = Pods;
			sourceTree = "<group>";
		};
		F86D593D5ED82110E5FA8542 /* Frameworks */ = {
			isa = PBXGroup;
			children = (
				0E58927D1E172BBA009632F8 /* SwiftyJSON.framework */,
				0E58927B1E172BB4009632F8 /* Charts.framework */,
				161CE4821DBFE1680000E368 /* Fabric.framework */,
				161CE4831DBFE1680000E368 /* Crashlytics.framework */,
				B117847C40B300C8878AB3BF /* Pods_mobile.framework */,
				3EC27036DA036196410BFB57 /* Pods_mobileTests.framework */,
			);
			name = Frameworks;
			sourceTree = "<group>";
		};
/* End PBXGroup section */

/* Begin PBXNativeTarget section */
		00E356ED1AD99517003FC87E /* mobileTests */ = {
			isa = PBXNativeTarget;
			buildConfigurationList = 00E357021AD99517003FC87E /* Build configuration list for PBXNativeTarget "mobileTests" */;
			buildPhases = (
				56700B911E7F29745D462ADF /* [CP] Check Pods Manifest.lock */,
				00E356EA1AD99517003FC87E /* Sources */,
				00E356EB1AD99517003FC87E /* Frameworks */,
				00E356EC1AD99517003FC87E /* Resources */,
				7FDDABED4599195E7C7ED997 /* [CP] Embed Pods Frameworks */,
				FC46325FE074B2D457F2EF4C /* [CP] Copy Pods Resources */,
			);
			buildRules = (
			);
			dependencies = (
				00E356F51AD99517003FC87E /* PBXTargetDependency */,
			);
			name = mobileTests;
			productName = mobileTests;
			productReference = 00E356EE1AD99517003FC87E /* mobileTests.xctest */;
			productType = "com.apple.product-type.bundle.unit-test";
		};
		13B07F861A680F5B00A75B9A /* mobile */ = {
			isa = PBXNativeTarget;
			buildConfigurationList = 13B07F931A680F5B00A75B9A /* Build configuration list for PBXNativeTarget "mobile" */;
			buildPhases = (
				DB33000557307D9CF48FF205 /* [CP] Check Pods Manifest.lock */,
				13B07F871A680F5B00A75B9A /* Sources */,
				13B07F8C1A680F5B00A75B9A /* Frameworks */,
				13B07F8E1A680F5B00A75B9A /* Resources */,
				00DD1BFF1BD5951E006B06BC /* Bundle React Native code and images */,
				F06F414BF96CF3B538AB4432 /* [CP] Embed Pods Frameworks */,
				AFC0BF7B92EC6DB515568C88 /* [CP] Copy Pods Resources */,
				161CE4811DBFE1010000E368 /* ShellScript */,
			);
			buildRules = (
			);
			dependencies = (
			);
			name = mobile;
			productName = "Hello World";
			productReference = 13B07F961A680F5B00A75B9A /* mobile.app */;
			productType = "com.apple.product-type.application";
		};
/* End PBXNativeTarget section */

/* Begin PBXProject section */
		83CBB9F71A601CBA00E9B192 /* Project object */ = {
			isa = PBXProject;
			attributes = {
				LastUpgradeCheck = 0810;
				ORGANIZATIONNAME = Facebook;
				TargetAttributes = {
					00E356ED1AD99517003FC87E = {
						CreatedOnToolsVersion = 6.2;
						DevelopmentTeam = U9RXWBAYAF;
						TestTargetID = 13B07F861A680F5B00A75B9A;
					};
					13B07F861A680F5B00A75B9A = {
						DevelopmentTeam = TQVW4DV9S7;
						LastSwiftMigration = 800;
						ProvisioningStyle = Automatic;
						SystemCapabilities = {
							com.apple.Keychain = {
								enabled = 1;
							};
						};
					};
				};
			};
			buildConfigurationList = 83CBB9FA1A601CBA00E9B192 /* Build configuration list for PBXProject "mobile" */;
			compatibilityVersion = "Xcode 3.2";
			developmentRegion = English;
			hasScannedForEncodings = 0;
			knownRegions = (
				en,
				Base,
			);
			mainGroup = 83CBB9F61A601CBA00E9B192;
			productRefGroup = 83CBBA001A601CBA00E9B192 /* Products */;
			projectDirPath = "";
			projectReferences = (
				{
					ProductGroup = 16B57C711DD10D9E00858D00 /* Products */;
					ProjectRef = 16B57C701DD10D9E00858D00 /* ART.xcodeproj */;
				},
				{
					ProductGroup = 00C302A81ABCB8CE00DB3ED1 /* Products */;
					ProjectRef = 00C302A71ABCB8CE00DB3ED1 /* RCTActionSheet.xcodeproj */;
				},
				{
					ProductGroup = 00C302B61ABCB90400DB3ED1 /* Products */;
					ProjectRef = 00C302B51ABCB90400DB3ED1 /* RCTGeolocation.xcodeproj */;
				},
				{
					ProductGroup = 00C302BC1ABCB91800DB3ED1 /* Products */;
					ProjectRef = 00C302BB1ABCB91800DB3ED1 /* RCTImage.xcodeproj */;
				},
				{
					ProductGroup = 78C398B11ACF4ADC00677621 /* Products */;
					ProjectRef = 78C398B01ACF4ADC00677621 /* RCTLinking.xcodeproj */;
				},
				{
					ProductGroup = 00C302D41ABCB9D200DB3ED1 /* Products */;
					ProjectRef = 00C302D31ABCB9D200DB3ED1 /* RCTNetwork.xcodeproj */;
				},
				{
					ProductGroup = 139105B71AF99BAD00B5F7CC /* Products */;
					ProjectRef = 139105B61AF99BAD00B5F7CC /* RCTSettings.xcodeproj */;
				},
				{
					ProductGroup = 832341B11AAA6A8300B99B32 /* Products */;
					ProjectRef = 832341B01AAA6A8300B99B32 /* RCTText.xcodeproj */;
				},
				{
					ProductGroup = 00C302E01ABCB9EE00DB3ED1 /* Products */;
					ProjectRef = 00C302DF1ABCB9EE00DB3ED1 /* RCTVibration.xcodeproj */;
				},
				{
					ProductGroup = 139FDEE71B06529A00C62182 /* Products */;
					ProjectRef = 139FDEE61B06529A00C62182 /* RCTWebSocket.xcodeproj */;
				},
				{
					ProductGroup = 146834001AC3E56700842450 /* Products */;
					ProjectRef = 146833FF1AC3E56700842450 /* React.xcodeproj */;
				},
				{
					ProductGroup = 16DEA72E1D9EDAA4002DE357 /* Products */;
					ProjectRef = 61FB8E1AFED6435886278970 /* RNKeychain.xcodeproj */;
				},
				{
					ProductGroup = 161CE4911DBFE3350000E368 /* Products */;
					ProjectRef = BB57717EC51A4A31BA6BE496 /* SMXCrashlytics.xcodeproj */;
				},
			);
			projectRoot = "";
			targets = (
				13B07F861A680F5B00A75B9A /* mobile */,
				00E356ED1AD99517003FC87E /* mobileTests */,
			);
		};
/* End PBXProject section */

/* Begin PBXReferenceProxy section */
		00C302AC1ABCB8CE00DB3ED1 /* libRCTActionSheet.a */ = {
			isa = PBXReferenceProxy;
			fileType = archive.ar;
			path = libRCTActionSheet.a;
			remoteRef = 00C302AB1ABCB8CE00DB3ED1 /* PBXContainerItemProxy */;
			sourceTree = BUILT_PRODUCTS_DIR;
		};
		00C302BA1ABCB90400DB3ED1 /* libRCTGeolocation.a */ = {
			isa = PBXReferenceProxy;
			fileType = archive.ar;
			path = libRCTGeolocation.a;
			remoteRef = 00C302B91ABCB90400DB3ED1 /* PBXContainerItemProxy */;
			sourceTree = BUILT_PRODUCTS_DIR;
		};
		00C302C01ABCB91800DB3ED1 /* libRCTImage.a */ = {
			isa = PBXReferenceProxy;
			fileType = archive.ar;
			path = libRCTImage.a;
			remoteRef = 00C302BF1ABCB91800DB3ED1 /* PBXContainerItemProxy */;
			sourceTree = BUILT_PRODUCTS_DIR;
		};
		00C302DC1ABCB9D200DB3ED1 /* libRCTNetwork.a */ = {
			isa = PBXReferenceProxy;
			fileType = archive.ar;
			path = libRCTNetwork.a;
			remoteRef = 00C302DB1ABCB9D200DB3ED1 /* PBXContainerItemProxy */;
			sourceTree = BUILT_PRODUCTS_DIR;
		};
		00C302E41ABCB9EE00DB3ED1 /* libRCTVibration.a */ = {
			isa = PBXReferenceProxy;
			fileType = archive.ar;
			path = libRCTVibration.a;
			remoteRef = 00C302E31ABCB9EE00DB3ED1 /* PBXContainerItemProxy */;
			sourceTree = BUILT_PRODUCTS_DIR;
		};
		139105C11AF99BAD00B5F7CC /* libRCTSettings.a */ = {
			isa = PBXReferenceProxy;
			fileType = archive.ar;
			path = libRCTSettings.a;
			remoteRef = 139105C01AF99BAD00B5F7CC /* PBXContainerItemProxy */;
			sourceTree = BUILT_PRODUCTS_DIR;
		};
		139FDEF41B06529B00C62182 /* libRCTWebSocket.a */ = {
			isa = PBXReferenceProxy;
			fileType = archive.ar;
			path = libRCTWebSocket.a;
			remoteRef = 139FDEF31B06529B00C62182 /* PBXContainerItemProxy */;
			sourceTree = BUILT_PRODUCTS_DIR;
		};
		146834041AC3E56700842450 /* libReact.a */ = {
			isa = PBXReferenceProxy;
			fileType = archive.ar;
			path = libReact.a;
			remoteRef = 146834031AC3E56700842450 /* PBXContainerItemProxy */;
			sourceTree = BUILT_PRODUCTS_DIR;
		};
		161CE4661DBFDA0D0000E368 /* libRCTImage-tvOS.a */ = {
			isa = PBXReferenceProxy;
			fileType = archive.ar;
			path = "libRCTImage-tvOS.a";
			remoteRef = 161CE4651DBFDA0D0000E368 /* PBXContainerItemProxy */;
			sourceTree = BUILT_PRODUCTS_DIR;
		};
		161CE46A1DBFDA0D0000E368 /* libRCTLinking-tvOS.a */ = {
			isa = PBXReferenceProxy;
			fileType = archive.ar;
			path = "libRCTLinking-tvOS.a";
			remoteRef = 161CE4691DBFDA0D0000E368 /* PBXContainerItemProxy */;
			sourceTree = BUILT_PRODUCTS_DIR;
		};
		161CE46E1DBFDA0D0000E368 /* libRCTNetwork-tvOS.a */ = {
			isa = PBXReferenceProxy;
			fileType = archive.ar;
			path = "libRCTNetwork-tvOS.a";
			remoteRef = 161CE46D1DBFDA0D0000E368 /* PBXContainerItemProxy */;
			sourceTree = BUILT_PRODUCTS_DIR;
		};
		161CE4721DBFDA0D0000E368 /* libRCTSettings-tvOS.a */ = {
			isa = PBXReferenceProxy;
			fileType = archive.ar;
			path = "libRCTSettings-tvOS.a";
			remoteRef = 161CE4711DBFDA0D0000E368 /* PBXContainerItemProxy */;
			sourceTree = BUILT_PRODUCTS_DIR;
		};
		161CE4761DBFDA0D0000E368 /* libRCTText-tvOS.a */ = {
			isa = PBXReferenceProxy;
			fileType = archive.ar;
			path = "libRCTText-tvOS.a";
			remoteRef = 161CE4751DBFDA0D0000E368 /* PBXContainerItemProxy */;
			sourceTree = BUILT_PRODUCTS_DIR;
		};
		161CE47B1DBFDA0D0000E368 /* libRCTWebSocket-tvOS.a */ = {
			isa = PBXReferenceProxy;
			fileType = archive.ar;
			path = "libRCTWebSocket-tvOS.a";
			remoteRef = 161CE47A1DBFDA0D0000E368 /* PBXContainerItemProxy */;
			sourceTree = BUILT_PRODUCTS_DIR;
		};
		161CE47F1DBFDA0D0000E368 /* libReact-tvOS.a */ = {
			isa = PBXReferenceProxy;
			fileType = archive.ar;
			path = "libReact-tvOS.a";
			remoteRef = 161CE47E1DBFDA0D0000E368 /* PBXContainerItemProxy */;
			sourceTree = BUILT_PRODUCTS_DIR;
		};
		161CE4A71DBFE3350000E368 /* libSMXCrashlytics.a */ = {
			isa = PBXReferenceProxy;
			fileType = archive.ar;
			path = libSMXCrashlytics.a;
			remoteRef = 161CE4A61DBFE3350000E368 /* PBXContainerItemProxy */;
			sourceTree = BUILT_PRODUCTS_DIR;
		};
		16B57C751DD10D9E00858D00 /* libART.a */ = {
			isa = PBXReferenceProxy;
			fileType = archive.ar;
			path = libART.a;
			remoteRef = 16B57C741DD10D9E00858D00 /* PBXContainerItemProxy */;
			sourceTree = BUILT_PRODUCTS_DIR;
		};
		16DEA73C1D9EDAA4002DE357 /* libRNKeychain.a */ = {
			isa = PBXReferenceProxy;
			fileType = archive.ar;
			path = libRNKeychain.a;
			remoteRef = 16DEA73B1D9EDAA4002DE357 /* PBXContainerItemProxy */;
			sourceTree = BUILT_PRODUCTS_DIR;
		};
		78C398B91ACF4ADC00677621 /* libRCTLinking.a */ = {
			isa = PBXReferenceProxy;
			fileType = archive.ar;
			path = libRCTLinking.a;
			remoteRef = 78C398B81ACF4ADC00677621 /* PBXContainerItemProxy */;
			sourceTree = BUILT_PRODUCTS_DIR;
		};
		832341B51AAA6A8300B99B32 /* libRCTText.a */ = {
			isa = PBXReferenceProxy;
			fileType = archive.ar;
			path = libRCTText.a;
			remoteRef = 832341B41AAA6A8300B99B32 /* PBXContainerItemProxy */;
			sourceTree = BUILT_PRODUCTS_DIR;
		};
/* End PBXReferenceProxy section */

/* Begin PBXResourcesBuildPhase section */
		00E356EC1AD99517003FC87E /* Resources */ = {
			isa = PBXResourcesBuildPhase;
			buildActionMask = 2147483647;
			files = (
			);
			runOnlyForDeploymentPostprocessing = 0;
		};
		13B07F8E1A680F5B00A75B9A /* Resources */ = {
			isa = PBXResourcesBuildPhase;
			buildActionMask = 2147483647;
			files = (
				16DEA74B1DA2DD74002DE357 /* MaterialIcons.ttf in Resources */,
				16DEA74C1DA2DD74002DE357 /* Octicons.ttf in Resources */,
				16DEA74D1DA2DD74002DE357 /* Zocial.ttf in Resources */,
				13B07FBF1A68108700A75B9A /* Images.xcassets in Resources */,
				16DEA7481DA2DD74002DE357 /* FontAwesome.ttf in Resources */,
				16DEA7471DA2DD74002DE357 /* EvilIcons.ttf in Resources */,
				16DEA74A1DA2DD74002DE357 /* Ionicons.ttf in Resources */,
				16DEA7491DA2DD74002DE357 /* Foundation.ttf in Resources */,
				16DEA7461DA2DD74002DE357 /* Entypo.ttf in Resources */,
				13B07FBD1A68108700A75B9A /* LaunchScreen.xib in Resources */,
			);
			runOnlyForDeploymentPostprocessing = 0;
		};
/* End PBXResourcesBuildPhase section */

/* Begin PBXShellScriptBuildPhase section */
		00DD1BFF1BD5951E006B06BC /* Bundle React Native code and images */ = {
			isa = PBXShellScriptBuildPhase;
			buildActionMask = 2147483647;
			files = (
			);
			inputPaths = (
			);
			name = "Bundle React Native code and images";
			outputPaths = (
			);
			runOnlyForDeploymentPostprocessing = 0;
			shellPath = /bin/sh;
			shellScript = "export NODE_BINARY=node\n../node_modules/react-native/packager/react-native-xcode.sh";
		};
		161CE4811DBFE1010000E368 /* ShellScript */ = {
			isa = PBXShellScriptBuildPhase;
			buildActionMask = 2147483647;
			files = (
			);
			inputPaths = (
			);
			outputPaths = (
			);
			runOnlyForDeploymentPostprocessing = 0;
			shellPath = /bin/sh;
			shellScript = "./Fabric.framework/run 4f4784f2fedab9ba70a7c78835ba2bee66069fa1 a3b4f0b14a3b41593fdb61c522fec6d05c608f3fd43103caaa9df9ac913ee9aa";
		};
		56700B911E7F29745D462ADF /* [CP] Check Pods Manifest.lock */ = {
			isa = PBXShellScriptBuildPhase;
			buildActionMask = 2147483647;
			files = (
			);
			inputPaths = (
			);
			name = "[CP] Check Pods Manifest.lock";
			outputPaths = (
			);
			runOnlyForDeploymentPostprocessing = 0;
			shellPath = /bin/sh;
			shellScript = "diff \"${PODS_ROOT}/../Podfile.lock\" \"${PODS_ROOT}/Manifest.lock\" > /dev/null\nif [[ $? != 0 ]] ; then\n    cat << EOM\nerror: The sandbox is not in sync with the Podfile.lock. Run 'pod install' or update your CocoaPods installation.\nEOM\n    exit 1\nfi\n";
			showEnvVarsInLog = 0;
		};
		7FDDABED4599195E7C7ED997 /* [CP] Embed Pods Frameworks */ = {
			isa = PBXShellScriptBuildPhase;
			buildActionMask = 2147483647;
			files = (
			);
			inputPaths = (
			);
			name = "[CP] Embed Pods Frameworks";
			outputPaths = (
			);
			runOnlyForDeploymentPostprocessing = 0;
			shellPath = /bin/sh;
			shellScript = "\"${SRCROOT}/Pods/Target Support Files/Pods-mobileTests/Pods-mobileTests-frameworks.sh\"\n";
			showEnvVarsInLog = 0;
		};
		AFC0BF7B92EC6DB515568C88 /* [CP] Copy Pods Resources */ = {
			isa = PBXShellScriptBuildPhase;
			buildActionMask = 2147483647;
			files = (
			);
			inputPaths = (
			);
			name = "[CP] Copy Pods Resources";
			outputPaths = (
			);
			runOnlyForDeploymentPostprocessing = 0;
			shellPath = /bin/sh;
			shellScript = "\"${SRCROOT}/Pods/Target Support Files/Pods-mobile/Pods-mobile-resources.sh\"\n";
			showEnvVarsInLog = 0;
		};
		DB33000557307D9CF48FF205 /* [CP] Check Pods Manifest.lock */ = {
			isa = PBXShellScriptBuildPhase;
			buildActionMask = 2147483647;
			files = (
			);
			inputPaths = (
			);
			name = "[CP] Check Pods Manifest.lock";
			outputPaths = (
			);
			runOnlyForDeploymentPostprocessing = 0;
			shellPath = /bin/sh;
			shellScript = "diff \"${PODS_ROOT}/../Podfile.lock\" \"${PODS_ROOT}/Manifest.lock\" > /dev/null\nif [[ $? != 0 ]] ; then\n    cat << EOM\nerror: The sandbox is not in sync with the Podfile.lock. Run 'pod install' or update your CocoaPods installation.\nEOM\n    exit 1\nfi\n";
			showEnvVarsInLog = 0;
		};
		F06F414BF96CF3B538AB4432 /* [CP] Embed Pods Frameworks */ = {
			isa = PBXShellScriptBuildPhase;
			buildActionMask = 2147483647;
			files = (
			);
			inputPaths = (
			);
			name = "[CP] Embed Pods Frameworks";
			outputPaths = (
			);
			runOnlyForDeploymentPostprocessing = 0;
			shellPath = /bin/sh;
			shellScript = "\"${SRCROOT}/Pods/Target Support Files/Pods-mobile/Pods-mobile-frameworks.sh\"\n";
			showEnvVarsInLog = 0;
		};
		FC46325FE074B2D457F2EF4C /* [CP] Copy Pods Resources */ = {
			isa = PBXShellScriptBuildPhase;
			buildActionMask = 2147483647;
			files = (
			);
			inputPaths = (
			);
			name = "[CP] Copy Pods Resources";
			outputPaths = (
			);
			runOnlyForDeploymentPostprocessing = 0;
			shellPath = /bin/sh;
			shellScript = "\"${SRCROOT}/Pods/Target Support Files/Pods-mobileTests/Pods-mobileTests-resources.sh\"\n";
			showEnvVarsInLog = 0;
		};
/* End PBXShellScriptBuildPhase section */

/* Begin PBXSourcesBuildPhase section */
		00E356EA1AD99517003FC87E /* Sources */ = {
			isa = PBXSourcesBuildPhase;
			buildActionMask = 2147483647;
			files = (
				00E356F31AD99517003FC87E /* mobileTests.m in Sources */,
			);
			runOnlyForDeploymentPostprocessing = 0;
		};
		13B07F871A680F5B00A75B9A /* Sources */ = {
			isa = PBXSourcesBuildPhase;
			buildActionMask = 2147483647;
			files = (
				1687133B1DA44A0100ED3370 /* RNBubbleChart.swift in Sources */,
				168713401DA44A0100ED3370 /* RNCombinedChart.m in Sources */,
				1687133E1DA44A0100ED3370 /* RNCandleStickChart.m in Sources */,
				168713411DA44A0100ED3370 /* RNCombinedChart.swift in Sources */,
				168713331DA44A0100ED3370 /* BarLineChartViewBaseExtension.swift in Sources */,
				1687133A1DA44A0100ED3370 /* RNBubbleChart.m in Sources */,
				168713461DA44A0100ED3370 /* RNLineChart.m in Sources */,
				168713491DA44A0100ED3370 /* RNPieChart.m in Sources */,
				168713361DA44A0100ED3370 /* PieRadarChartViewBaseExtension.swift in Sources */,
				168713391DA44A0100ED3370 /* RNBarChartManager.swift in Sources */,
				168713451DA44A0100ED3370 /* RNHorizontalBarChartManager.swift in Sources */,
				1687133C1DA44A0100ED3370 /* RNBubbleChartManager.swift in Sources */,
				168713381DA44A0100ED3370 /* RNBarChart.swift in Sources */,
				168713511DA44A0100ED3370 /* RNScatterChartManager.swift in Sources */,
				1687134E1DA44A0100ED3370 /* RNRadarChartManager.swift in Sources */,
				168713501DA44A0100ED3370 /* RNScatterChart.swift in Sources */,
				1687133D1DA44A0100ED3370 /* RNCandleChartManager.swift in Sources */,
				168713341DA44A0100ED3370 /* chartDataHelpers.swift in Sources */,
				168713471DA44A0100ED3370 /* RNLineChart.swift in Sources */,
				1687133F1DA44A0100ED3370 /* RNCandleStickChart.swift in Sources */,
				1687134C1DA44A0100ED3370 /* RNRadarChart.m in Sources */,
				1687134F1DA44A0100ED3370 /* RNScatterChart.m in Sources */,
				1687134A1DA44A0100ED3370 /* RNPieChart.swift in Sources */,
				168713351DA44A0100ED3370 /* ChartViewBaseExtension.swift in Sources */,
				168713431DA44A0100ED3370 /* RNHorizontalBarChart.m in Sources */,
				168713321DA44A0100ED3370 /* ABNumberFormatter.swift in Sources */,
				1687134B1DA44A0100ED3370 /* RNPieChartManager.swift in Sources */,
				13B07FBC1A68108700A75B9A /* AppDelegate.m in Sources */,
				168713371DA44A0100ED3370 /* RNBarChart.m in Sources */,
				168713481DA44A0100ED3370 /* RNLineChartManager.swift in Sources */,
				168713421DA44A0100ED3370 /* RNCombinedChartManager.swift in Sources */,
				1687134D1DA44A0100ED3370 /* RNRadarChart.swift in Sources */,
				168713441DA44A0100ED3370 /* RNHorizontalBarChart.swift in Sources */,
				13B07FC11A68108700A75B9A /* main.m in Sources */,
			);
			runOnlyForDeploymentPostprocessing = 0;
		};
/* End PBXSourcesBuildPhase section */

/* Begin PBXTargetDependency section */
		00E356F51AD99517003FC87E /* PBXTargetDependency */ = {
			isa = PBXTargetDependency;
			target = 13B07F861A680F5B00A75B9A /* mobile */;
			targetProxy = 00E356F41AD99517003FC87E /* PBXContainerItemProxy */;
		};
/* End PBXTargetDependency section */

/* Begin PBXVariantGroup section */
		13B07FB11A68108700A75B9A /* LaunchScreen.xib */ = {
			isa = PBXVariantGroup;
			children = (
				13B07FB21A68108700A75B9A /* Base */,
			);
			name = LaunchScreen.xib;
			path = mobile;
			sourceTree = "<group>";
		};
/* End PBXVariantGroup section */

/* Begin XCBuildConfiguration section */
		00E356F61AD99517003FC87E /* Debug */ = {
			isa = XCBuildConfiguration;
			baseConfigurationReference = 2054ACFA989BC18996532DA6 /* Pods-mobileTests.debug.xcconfig */;
			buildSettings = {
				ALWAYS_EMBED_SWIFT_STANDARD_LIBRARIES = YES;
				BUNDLE_LOADER = "$(TEST_HOST)";
				DEVELOPMENT_TEAM = U9RXWBAYAF;
				GCC_PREPROCESSOR_DEFINITIONS = (
					"DEBUG=1",
					"$(inherited)",
				);
				INFOPLIST_FILE = mobileTests/Info.plist;
				IPHONEOS_DEPLOYMENT_TARGET = 8.0;
				LD_RUNPATH_SEARCH_PATHS = "$(inherited) @executable_path/Frameworks @loader_path/Frameworks";
				LIBRARY_SEARCH_PATHS = (
					"$(inherited)",
					"\"$(SRCROOT)/$(TARGET_NAME)\"",
					"\"$(SRCROOT)/$(TARGET_NAME)\"",
				);
				PRODUCT_BUNDLE_IDENTIFIER = "org.reactjs.native.example.$(PRODUCT_NAME:rfc1034identifier)";
				PRODUCT_NAME = "$(TARGET_NAME)";
				TEST_HOST = "$(BUILT_PRODUCTS_DIR)/mobile.app/mobile";
			};
			name = Debug;
		};
		00E356F71AD99517003FC87E /* Release */ = {
			isa = XCBuildConfiguration;
			baseConfigurationReference = 986A744202DF53269CF07842 /* Pods-mobileTests.release.xcconfig */;
			buildSettings = {
				ALWAYS_EMBED_SWIFT_STANDARD_LIBRARIES = YES;
				BUNDLE_LOADER = "$(TEST_HOST)";
				COPY_PHASE_STRIP = NO;
				DEVELOPMENT_TEAM = U9RXWBAYAF;
				INFOPLIST_FILE = mobileTests/Info.plist;
				IPHONEOS_DEPLOYMENT_TARGET = 8.0;
				LD_RUNPATH_SEARCH_PATHS = "$(inherited) @executable_path/Frameworks @loader_path/Frameworks";
				LIBRARY_SEARCH_PATHS = (
					"$(inherited)",
					"\"$(SRCROOT)/$(TARGET_NAME)\"",
					"\"$(SRCROOT)/$(TARGET_NAME)\"",
				);
				PRODUCT_BUNDLE_IDENTIFIER = "org.reactjs.native.example.$(PRODUCT_NAME:rfc1034identifier)";
				PRODUCT_NAME = "$(TARGET_NAME)";
				TEST_HOST = "$(BUILT_PRODUCTS_DIR)/mobile.app/mobile";
			};
			name = Release;
		};
		13B07F941A680F5B00A75B9A /* Debug */ = {
			isa = XCBuildConfiguration;
			baseConfigurationReference = 4D10A1467737D6223BEFE798 /* Pods-mobile.debug.xcconfig */;
			buildSettings = {
				ALWAYS_EMBED_SWIFT_STANDARD_LIBRARIES = YES;
				ASSETCATALOG_COMPILER_APPICON_NAME = AppIcon;
				CLANG_ENABLE_MODULES = YES;
				CODE_SIGN_ENTITLEMENTS = mobile/mobile.entitlements;
				"CODE_SIGN_IDENTITY[sdk=iphoneos*]" = "iPhone Developer";
				CURRENT_PROJECT_VERSION = 1;
				DEAD_CODE_STRIPPING = NO;
				DEVELOPMENT_TEAM = TQVW4DV9S7;
				FRAMEWORK_SEARCH_PATHS = (
					"$(inherited)",
					"$(PROJECT_DIR)",
				);
				HEADER_SEARCH_PATHS = (
					"$(inherited)",
					/Applications/Xcode.app/Contents/Developer/Toolchains/XcodeDefault.xctoolchain/usr/include,
					"$(SRCROOT)/../node_modules/react-native/React/**",
					"$(SRCROOT)/../node_modules/react-native-keychain/RNKeychainManager",
					"$(SRCROOT)/../node_modules/react-native-fabric/ios/SMXCrashlytics",
				);
				INFOPLIST_FILE = mobile/Info.plist;
				LD_RUNPATH_SEARCH_PATHS = "$(inherited) @executable_path/Frameworks";
				OTHER_LDFLAGS = (
					"$(inherited)",
					"-ObjC",
					"-lc++",
				);
				PRODUCT_BUNDLE_IDENTIFIER = co.verisolutions.mobile;
				PRODUCT_NAME = mobile;
				PROVISIONING_PROFILE = "";
				PROVISIONING_PROFILE_SPECIFIER = "";
				SWIFT_OBJC_BRIDGING_HEADER = "mobile-Bridging-Header.h";
				SWIFT_OPTIMIZATION_LEVEL = "-Onone";
				SWIFT_VERSION = 3.0;
				VERSIONING_SYSTEM = "apple-generic";
			};
			name = Debug;
		};
		13B07F951A680F5B00A75B9A /* Release */ = {
			isa = XCBuildConfiguration;
			baseConfigurationReference = 2D548283BC626429A648D092 /* Pods-mobile.release.xcconfig */;
			buildSettings = {
				ALWAYS_EMBED_SWIFT_STANDARD_LIBRARIES = YES;
				ASSETCATALOG_COMPILER_APPICON_NAME = AppIcon;
				CLANG_ENABLE_MODULES = YES;
				CODE_SIGN_ENTITLEMENTS = mobile/mobile.entitlements;
				"CODE_SIGN_IDENTITY[sdk=iphoneos*]" = "iPhone Developer";
				CURRENT_PROJECT_VERSION = 1;
				DEVELOPMENT_TEAM = TQVW4DV9S7;
				FRAMEWORK_SEARCH_PATHS = (
					"$(inherited)",
					"$(PROJECT_DIR)",
				);
				HEADER_SEARCH_PATHS = (
					"$(inherited)",
					/Applications/Xcode.app/Contents/Developer/Toolchains/XcodeDefault.xctoolchain/usr/include,
					"$(SRCROOT)/../node_modules/react-native/React/**",
					"$(SRCROOT)/../node_modules/react-native-keychain/RNKeychainManager",
					"$(SRCROOT)/../node_modules/react-native-fabric/ios/SMXCrashlytics",
				);
				INFOPLIST_FILE = mobile/Info.plist;
				LD_RUNPATH_SEARCH_PATHS = "$(inherited) @executable_path/Frameworks";
				OTHER_LDFLAGS = (
					"$(inherited)",
					"-ObjC",
					"-lc++",
				);
				PRODUCT_BUNDLE_IDENTIFIER = co.verisolutions.mobile;
				PRODUCT_NAME = mobile;
				PROVISIONING_PROFILE = "";
				PROVISIONING_PROFILE_SPECIFIER = "";
				SWIFT_OBJC_BRIDGING_HEADER = "mobile-Bridging-Header.h";
				SWIFT_VERSION = 3.0;
				VERSIONING_SYSTEM = "apple-generic";
			};
			name = Release;
		};
		83CBBA201A601CBA00E9B192 /* Debug */ = {
			isa = XCBuildConfiguration;
			buildSettings = {
				ALWAYS_SEARCH_USER_PATHS = NO;
				CLANG_CXX_LANGUAGE_STANDARD = "gnu++0x";
				CLANG_CXX_LIBRARY = "libc++";
				CLANG_ENABLE_MODULES = YES;
				CLANG_ENABLE_OBJC_ARC = YES;
				CLANG_WARN_BOOL_CONVERSION = YES;
				CLANG_WARN_CONSTANT_CONVERSION = YES;
				CLANG_WARN_DIRECT_OBJC_ISA_USAGE = YES_ERROR;
				CLANG_WARN_EMPTY_BODY = YES;
				CLANG_WARN_ENUM_CONVERSION = YES;
				CLANG_WARN_INFINITE_RECURSION = YES;
				CLANG_WARN_INT_CONVERSION = YES;
				CLANG_WARN_OBJC_ROOT_CLASS = YES_ERROR;
				CLANG_WARN_SUSPICIOUS_MOVE = YES;
				CLANG_WARN_UNREACHABLE_CODE = YES;
				CLANG_WARN__DUPLICATE_METHOD_MATCH = YES;
				"CODE_SIGN_IDENTITY[sdk=iphoneos*]" = "iPhone Developer";
				COPY_PHASE_STRIP = NO;
				ENABLE_STRICT_OBJC_MSGSEND = YES;
				ENABLE_TESTABILITY = YES;
				GCC_C_LANGUAGE_STANDARD = gnu99;
				GCC_DYNAMIC_NO_PIC = NO;
				GCC_NO_COMMON_BLOCKS = YES;
				GCC_OPTIMIZATION_LEVEL = 0;
				GCC_PREPROCESSOR_DEFINITIONS = (
					"DEBUG=1",
					"$(inherited)",
				);
				GCC_SYMBOLS_PRIVATE_EXTERN = NO;
				GCC_WARN_64_TO_32_BIT_CONVERSION = YES;
				GCC_WARN_ABOUT_RETURN_TYPE = YES_ERROR;
				GCC_WARN_UNDECLARED_SELECTOR = YES;
				GCC_WARN_UNINITIALIZED_AUTOS = YES_AGGRESSIVE;
				GCC_WARN_UNUSED_FUNCTION = YES;
				GCC_WARN_UNUSED_VARIABLE = YES;
				HEADER_SEARCH_PATHS = (
					"$(inherited)",
					/Applications/Xcode.app/Contents/Developer/Toolchains/XcodeDefault.xctoolchain/usr/include,
					"$(SRCROOT)/../node_modules/react-native/React/**",
					"$(SRCROOT)/../node_modules/react-native-keychain/RNKeychainManager",
					"$(SRCROOT)/../node_modules/react-native-fabric/ios/SMXCrashlytics",
				);
				IPHONEOS_DEPLOYMENT_TARGET = 8.0;
				MTL_ENABLE_DEBUG_INFO = YES;
				ONLY_ACTIVE_ARCH = YES;
				SDKROOT = iphoneos;
			};
			name = Debug;
		};
		83CBBA211A601CBA00E9B192 /* Release */ = {
			isa = XCBuildConfiguration;
			buildSettings = {
				ALWAYS_SEARCH_USER_PATHS = NO;
				CLANG_CXX_LANGUAGE_STANDARD = "gnu++0x";
				CLANG_CXX_LIBRARY = "libc++";
				CLANG_ENABLE_MODULES = YES;
				CLANG_ENABLE_OBJC_ARC = YES;
				CLANG_WARN_BOOL_CONVERSION = YES;
				CLANG_WARN_CONSTANT_CONVERSION = YES;
				CLANG_WARN_DIRECT_OBJC_ISA_USAGE = YES_ERROR;
				CLANG_WARN_EMPTY_BODY = YES;
				CLANG_WARN_ENUM_CONVERSION = YES;
				CLANG_WARN_INFINITE_RECURSION = YES;
				CLANG_WARN_INT_CONVERSION = YES;
				CLANG_WARN_OBJC_ROOT_CLASS = YES_ERROR;
				CLANG_WARN_SUSPICIOUS_MOVE = YES;
				CLANG_WARN_UNREACHABLE_CODE = YES;
				CLANG_WARN__DUPLICATE_METHOD_MATCH = YES;
				"CODE_SIGN_IDENTITY[sdk=iphoneos*]" = "iPhone Developer";
				COPY_PHASE_STRIP = YES;
				ENABLE_NS_ASSERTIONS = NO;
				ENABLE_STRICT_OBJC_MSGSEND = YES;
				GCC_C_LANGUAGE_STANDARD = gnu99;
				GCC_NO_COMMON_BLOCKS = YES;
				GCC_WARN_64_TO_32_BIT_CONVERSION = YES;
				GCC_WARN_ABOUT_RETURN_TYPE = YES_ERROR;
				GCC_WARN_UNDECLARED_SELECTOR = YES;
				GCC_WARN_UNINITIALIZED_AUTOS = YES_AGGRESSIVE;
				GCC_WARN_UNUSED_FUNCTION = YES;
				GCC_WARN_UNUSED_VARIABLE = YES;
				HEADER_SEARCH_PATHS = (
					"$(inherited)",
					/Applications/Xcode.app/Contents/Developer/Toolchains/XcodeDefault.xctoolchain/usr/include,
					"$(SRCROOT)/../node_modules/react-native/React/**",
					"$(SRCROOT)/../node_modules/react-native-keychain/RNKeychainManager",
					"$(SRCROOT)/../node_modules/react-native-fabric/ios/SMXCrashlytics",
				);
				IPHONEOS_DEPLOYMENT_TARGET = 8.0;
				MTL_ENABLE_DEBUG_INFO = NO;
				SDKROOT = iphoneos;
				SWIFT_OPTIMIZATION_LEVEL = "-Owholemodule";
				VALIDATE_PRODUCT = YES;
			};
			name = Release;
		};
/* End XCBuildConfiguration section */

/* Begin XCConfigurationList section */
		00E357021AD99517003FC87E /* Build configuration list for PBXNativeTarget "mobileTests" */ = {
			isa = XCConfigurationList;
			buildConfigurations = (
				00E356F61AD99517003FC87E /* Debug */,
				00E356F71AD99517003FC87E /* Release */,
			);
			defaultConfigurationIsVisible = 0;
			defaultConfigurationName = Release;
		};
		13B07F931A680F5B00A75B9A /* Build configuration list for PBXNativeTarget "mobile" */ = {
			isa = XCConfigurationList;
			buildConfigurations = (
				13B07F941A680F5B00A75B9A /* Debug */,
				13B07F951A680F5B00A75B9A /* Release */,
			);
			defaultConfigurationIsVisible = 0;
			defaultConfigurationName = Release;
		};
		83CBB9FA1A601CBA00E9B192 /* Build configuration list for PBXProject "mobile" */ = {
			isa = XCConfigurationList;
			buildConfigurations = (
				83CBBA201A601CBA00E9B192 /* Debug */,
				83CBBA211A601CBA00E9B192 /* Release */,
			);
			defaultConfigurationIsVisible = 0;
			defaultConfigurationName = Release;
		};
/* End XCConfigurationList section */
	};
	rootObject = 83CBB9F71A601CBA00E9B192 /* Project object */;
}
